// !$*UTF8*$!
{
	archiveVersion = 1;
	classes = {
	};
	objectVersion = 54;
	objects = {

/* Begin PBXBuildFile section */
		00E356F31AD99517003FC87E /* SplitsiesTests.m in Sources */ = {isa = PBXBuildFile; fileRef = 00E356F21AD99517003FC87E /* SplitsiesTests.m */; };
		09CD3F04E3CE441F9692E0FF /* ZillaSlab-Medium.ttf in Resources */ = {isa = PBXBuildFile; fileRef = C0E146DA45F54FAEB239AB7A /* ZillaSlab-Medium.ttf */; };
		0ABFD78C2BD76FEC00BCDD22 /* GoogleService-Info.plist in Resources */ = {isa = PBXBuildFile; fileRef = 0ABFD78B2BD76FEC00BCDD22 /* GoogleService-Info.plist */; };
		0C74B45223F1451D80BBD704 /* SofiaProLight-Italic.ttf in Resources */ = {isa = PBXBuildFile; fileRef = 427F89B54FD84D958D04DF2C /* SofiaProLight-Italic.ttf */; };
		0D6D3A891289475C93FBE62A /* ZillaSlab-BoldItalic.ttf in Resources */ = {isa = PBXBuildFile; fileRef = B859070C187A4EAEA6FE71A2 /* ZillaSlab-BoldItalic.ttf */; };
		103790BCAA6E49B8A3754D67 /* SFProDisplay-RegularItalic.otf in Resources */ = {isa = PBXBuildFile; fileRef = 94133E1DF94B4AD295FC246B /* SFProDisplay-RegularItalic.otf */; };
		12A2D713F4D94612B0459F93 /* ZillaSlab-Bold.ttf in Resources */ = {isa = PBXBuildFile; fileRef = FB29BA16D9504DE9B74D193D /* ZillaSlab-Bold.ttf */; };
		13B07FBC1A68108700A75B9A /* AppDelegate.mm in Sources */ = {isa = PBXBuildFile; fileRef = 13B07FB01A68108700A75B9A /* AppDelegate.mm */; };
		13B07FBF1A68108700A75B9A /* Images.xcassets in Resources */ = {isa = PBXBuildFile; fileRef = 13B07FB51A68108700A75B9A /* Images.xcassets */; };
		13B07FC11A68108700A75B9A /* main.m in Sources */ = {isa = PBXBuildFile; fileRef = 13B07FB71A68108700A75B9A /* main.m */; };
		1765BEA49893401B9759D6A9 /* Avenir-Light.ttf in Resources */ = {isa = PBXBuildFile; fileRef = 04042A2BB6974EF6A5A6EE64 /* Avenir-Light.ttf */; };
		1F606A2D8B6A2636B9ED6E9A /* Pods_Splitsies.framework in Frameworks */ = {isa = PBXBuildFile; fileRef = 8BFC150864A710FAD221FC5A /* Pods_Splitsies.framework */; };
		24D4B30A51AC46D9983F877B /* SFProDisplay-UltralightItalic.otf in Resources */ = {isa = PBXBuildFile; fileRef = 97DE6B2250F74D4088CACDC3 /* SFProDisplay-UltralightItalic.otf */; };
		25A3DE2B5EE84C49ABA785B9 /* SFProDisplay-Bold.otf in Resources */ = {isa = PBXBuildFile; fileRef = 93B766245FB3452DB3D39585 /* SFProDisplay-Bold.otf */; };
		3DE10A4EEDE64E19B5F72F99 /* ZillaSlab-SemiBold.ttf in Resources */ = {isa = PBXBuildFile; fileRef = 6C8949299AA64C36B43FFC5A /* ZillaSlab-SemiBold.ttf */; };
		49613F0C09CF477CAA7FF6CC /* SofiaProBold.ttf in Resources */ = {isa = PBXBuildFile; fileRef = E8DCEA385F8341F3BAC247FC /* SofiaProBold.ttf */; };
		4AD434EAE70C43289E16225F /* Avenir-HeavyOblique.ttf in Resources */ = {isa = PBXBuildFile; fileRef = 790B736A11D94B85BD79CC44 /* Avenir-HeavyOblique.ttf */; };
		4FAF5940D03047DABDC230AE /* SFProDisplay-MediumItalic.otf in Resources */ = {isa = PBXBuildFile; fileRef = 29CBF9EE9549423F8B710F39 /* SFProDisplay-MediumItalic.otf */; };
		519B271D6676402A8D1238C5 /* Avenir-Medium.ttf in Resources */ = {isa = PBXBuildFile; fileRef = 14CC2BF3DF5E42BBAA88519B /* Avenir-Medium.ttf */; };
		529DA748B73949D48D066F7A /* Avenir-Black.ttf in Resources */ = {isa = PBXBuildFile; fileRef = 2EFF492F2E634860B0A82A46 /* Avenir-Black.ttf */; };
		56BAAA9B72424544B22E6369 /* SFProDisplay-HeavyItalic.otf in Resources */ = {isa = PBXBuildFile; fileRef = D5BE6BA9045847459342CBFD /* SFProDisplay-HeavyItalic.otf */; };
		5ED455D131984911B3078900 /* SFProDisplay-Light.otf in Resources */ = {isa = PBXBuildFile; fileRef = 32A323F4D0D3436FB2476C3F /* SFProDisplay-Light.otf */; };
		695F40A155FC489CB8324097 /* SofiaProExtraLight-Italic.ttf in Resources */ = {isa = PBXBuildFile; fileRef = B604B966BAF248319405D127 /* SofiaProExtraLight-Italic.ttf */; };
		6A72CD33983B4AA5AF7106D3 /* ZillaSlab-LightItalic.ttf in Resources */ = {isa = PBXBuildFile; fileRef = A830B1D622EE4ACDB18642AB /* ZillaSlab-LightItalic.ttf */; };
		6DB8FF15B21E4EF0A62901FC /* Avenir-Oblique.ttf in Resources */ = {isa = PBXBuildFile; fileRef = 76FE587C649E4E668E10BD19 /* Avenir-Oblique.ttf */; };
		7072E78A955247BC800CD9B0 /* SofiaProRegular-Italic.ttf in Resources */ = {isa = PBXBuildFile; fileRef = F6AF423B02FC48D3A7937B86 /* SofiaProRegular-Italic.ttf */; };
		756A29B82CF049BC9B82B93A /* SFProDisplay-Black.otf in Resources */ = {isa = PBXBuildFile; fileRef = 60D536F704654C91B27E9E78 /* SFProDisplay-Black.otf */; };
		77CC9ED6B91E448AB722C062 /* ZillaSlab-Regular.ttf in Resources */ = {isa = PBXBuildFile; fileRef = CBD50837607F440982B3764A /* ZillaSlab-Regular.ttf */; };
		827D1A6B70174C24A3C74315 /* SFProDisplay-BlackItalic.otf in Resources */ = {isa = PBXBuildFile; fileRef = 97B63AAD162B47C48D92B8C1 /* SFProDisplay-BlackItalic.otf */; };
		82D2F3E58BB94775AAF7CFA6 /* SFProDisplay-Thin.otf in Resources */ = {isa = PBXBuildFile; fileRef = F6D04C0CBC9C49F5B98C3A9F /* SFProDisplay-Thin.otf */; };
		8666A0DE43E74B7AB181947A /* SofiaProMedium-Italic.ttf in Resources */ = {isa = PBXBuildFile; fileRef = 1EA9282E39404DB691DDE41A /* SofiaProMedium-Italic.ttf */; };
		8BFC0BD0CE4743F2B8D0D0FC /* ZillaSlab-Italic.ttf in Resources */ = {isa = PBXBuildFile; fileRef = C922536F622744708DF34EA7 /* ZillaSlab-Italic.ttf */; };
		905D2B86FEE54F1EBF376CA0 /* SofiaProSemiBold-Italic.ttf in Resources */ = {isa = PBXBuildFile; fileRef = DEADB0C0D6DC4077A246C5E3 /* SofiaProSemiBold-Italic.ttf */; };
		92276CC569274B7DB3437E12 /* SofiaProBlack-Italic.ttf in Resources */ = {isa = PBXBuildFile; fileRef = 18C295E00DB14DF986518592 /* SofiaProBlack-Italic.ttf */; };
		9325ADFA32544797A7336DC3 /* Avenir-BlackOblique.ttf in Resources */ = {isa = PBXBuildFile; fileRef = 6894F43FEADE4FF0888E6D2B /* Avenir-BlackOblique.ttf */; };
		954BEF9F21DA4105B94754A6 /* SofiaProUltraLight.ttf in Resources */ = {isa = PBXBuildFile; fileRef = 10103C4E87494F77A37DF134 /* SofiaProUltraLight.ttf */; };
		A0E07E5BC5C948A48908AFC6 /* ZillaSlab-Light.ttf in Resources */ = {isa = PBXBuildFile; fileRef = DAA7B65BA01643769804D5CF /* ZillaSlab-Light.ttf */; };
		A1175D6EF1974BFA9D6FBFDB /* SofiaProMedium.ttf in Resources */ = {isa = PBXBuildFile; fileRef = 516B24184FF24E0F90706286 /* SofiaProMedium.ttf */; };
		A43B4CA54D704EA7808A5736 /* BootSplash.storyboard in Resources */ = {isa = PBXBuildFile; fileRef = 129470D6225046BCA44574B8 /* BootSplash.storyboard */; };
		A5060A89EB4B41AC85AA9FBF /* SofiaProRegular.ttf in Resources */ = {isa = PBXBuildFile; fileRef = 0B361C402DDE45449C3DC27D /* SofiaProRegular.ttf */; };
		A55D0DC9013646318197B370 /* SofiaProExtraLight.ttf in Resources */ = {isa = PBXBuildFile; fileRef = 2843924795534B7A879863CD /* SofiaProExtraLight.ttf */; };
		A6F922283B4B46DFA8356F90 /* SofiaProUltraLight-Italic.ttf in Resources */ = {isa = PBXBuildFile; fileRef = 383F37E9E67E48DB8504C3EF /* SofiaProUltraLight-Italic.ttf */; };
		A80BA8A4CC8F4B93B1959F6A /* Avenir-MediumOblique.ttf in Resources */ = {isa = PBXBuildFile; fileRef = 0BFCA8643E9544A0AF9058B7 /* Avenir-MediumOblique.ttf */; };
		A9137F00829B4A8CB64D5429 /* SofiaProBlack.ttf in Resources */ = {isa = PBXBuildFile; fileRef = 484B42FF26CE4C6B8D1A0550 /* SofiaProBlack.ttf */; };
		B170AE5A10FA4BAAB08B1F43 /* SFProDisplay-SemiboldItalic.otf in Resources */ = {isa = PBXBuildFile; fileRef = 0C044390BC8C4878A0F66372 /* SFProDisplay-SemiboldItalic.otf */; };
		B6421AA711064EA7ABC51632 /* Avenir-LightOblique.ttf in Resources */ = {isa = PBXBuildFile; fileRef = 8162B13D5BBC49438FD69FCA /* Avenir-LightOblique.ttf */; };
		BBD6BF688CF74C1D842C7D54 /* SFProDisplay-Heavy.otf in Resources */ = {isa = PBXBuildFile; fileRef = 672419FB6F794F28B6935B4E /* SFProDisplay-Heavy.otf */; };
		BC22D85A66C14A068B965462 /* ZillaSlab-SemiBoldItalic.ttf in Resources */ = {isa = PBXBuildFile; fileRef = A6297DE5838D425A840BF0E5 /* ZillaSlab-SemiBoldItalic.ttf */; };
		BE182F81795744849131E1ED /* Avenir-Book.ttf in Resources */ = {isa = PBXBuildFile; fileRef = D6711B4EE27949418DFC7A53 /* Avenir-Book.ttf */; };
		BE9141B4FD45461FBAA97CF1 /* SFProDisplay-Ultralight.otf in Resources */ = {isa = PBXBuildFile; fileRef = A4268799DEE146C6ACDAD6B2 /* SFProDisplay-Ultralight.otf */; };
		BE9AD74864504AD0BDACE8B6 /* Avenir-BookOblique.ttf in Resources */ = {isa = PBXBuildFile; fileRef = FE6CBDD5513D4A63AEEC981A /* Avenir-BookOblique.ttf */; };
		C1F0D1B72BCA495D86313039 /* SFProDisplay-Regular.otf in Resources */ = {isa = PBXBuildFile; fileRef = 9A4AB79A26F048FC95C022F1 /* SFProDisplay-Regular.otf */; };
		C3380B1D6F1A4BE3B391873E /* SFProDisplay-Medium.otf in Resources */ = {isa = PBXBuildFile; fileRef = 2FD7E43AE52C4C3EA01F2EFE /* SFProDisplay-Medium.otf */; };
		C55683E00D4E422EA20E8157 /* SFProDisplay-BoldItalic.otf in Resources */ = {isa = PBXBuildFile; fileRef = D2FFC041C71F4F10B549A201 /* SFProDisplay-BoldItalic.otf */; };
		D210C759507044169D925DA4 /* SFProDisplay-ThinItalic.otf in Resources */ = {isa = PBXBuildFile; fileRef = AAC102FA9E66444F89D64225 /* SFProDisplay-ThinItalic.otf */; };
		D5804CA25D0D57AB642D925F /* Pods_Splitsies_SplitsiesTests.framework in Frameworks */ = {isa = PBXBuildFile; fileRef = 11F927862A4499B3621D8B5C /* Pods_Splitsies_SplitsiesTests.framework */; };
		DA5C4FFF3F4E4A4783462B6E /* ZillaSlab-MediumItalic.ttf in Resources */ = {isa = PBXBuildFile; fileRef = CFEABF9B5CB240529BE78923 /* ZillaSlab-MediumItalic.ttf */; };
		DB915414BEB04AF58B82260B /* Avenir-Roman.ttf in Resources */ = {isa = PBXBuildFile; fileRef = AED87C2BACCC48F2B2CFE787 /* Avenir-Roman.ttf */; };
		E6588F8C40624D06A893E3BC /* SFProDisplay-LightItalic.otf in Resources */ = {isa = PBXBuildFile; fileRef = 2B233B5E4ECD41979F7C2963 /* SFProDisplay-LightItalic.otf */; };
		EEE6DC1BA369408A81E1D5D1 /* SofiaProSemiBold.ttf in Resources */ = {isa = PBXBuildFile; fileRef = 3B857FF653EB420C93B2118B /* SofiaProSemiBold.ttf */; };
		EF00B5D54D9540ECBE8D9E2D /* Avenir-Heavy.ttf in Resources */ = {isa = PBXBuildFile; fileRef = 9585C76C78DE4D03AFD728BC /* Avenir-Heavy.ttf */; };
		EF68D9A01D664B1F83A0A0EF /* SFProDisplay-Semibold.otf in Resources */ = {isa = PBXBuildFile; fileRef = 06BD2FAE0A2B46629B19DA4F /* SFProDisplay-Semibold.otf */; };
		F444A031751D44ACB69BDCE2 /* SofiaProBold-Italic.ttf in Resources */ = {isa = PBXBuildFile; fileRef = E599D65E62E84E098F645311 /* SofiaProBold-Italic.ttf */; };
		F72D9122919B4BAF9792D1FE /* SofiaProLight.ttf in Resources */ = {isa = PBXBuildFile; fileRef = 870394F14F734A3092E47FE6 /* SofiaProLight.ttf */; };
/* End PBXBuildFile section */

/* Begin PBXContainerItemProxy section */
		00E356F41AD99517003FC87E /* PBXContainerItemProxy */ = {
			isa = PBXContainerItemProxy;
			containerPortal = 83CBB9F71A601CBA00E9B192 /* Project object */;
			proxyType = 1;
			remoteGlobalIDString = 13B07F861A680F5B00A75B9A;
			remoteInfo = Splitsies;
		};
/* End PBXContainerItemProxy section */

/* Begin PBXFileReference section */
		00E356EE1AD99517003FC87E /* SplitsiesTests.xctest */ = {isa = PBXFileReference; explicitFileType = wrapper.cfbundle; includeInIndex = 0; path = SplitsiesTests.xctest; sourceTree = BUILT_PRODUCTS_DIR; };
		00E356F11AD99517003FC87E /* Info.plist */ = {isa = PBXFileReference; lastKnownFileType = text.plist.xml; path = Info.plist; sourceTree = "<group>"; };
		00E356F21AD99517003FC87E /* SplitsiesTests.m */ = {isa = PBXFileReference; lastKnownFileType = sourcecode.c.objc; path = SplitsiesTests.m; sourceTree = "<group>"; };
		04042A2BB6974EF6A5A6EE64 /* Avenir-Light.ttf */ = {isa = PBXFileReference; explicitFileType = undefined; fileEncoding = 9; includeInIndex = 0; lastKnownFileType = unknown; name = "Avenir-Light.ttf"; path = "../assets/fonts/Avenir-Light.ttf"; sourceTree = "<group>"; };
		06BD2FAE0A2B46629B19DA4F /* SFProDisplay-Semibold.otf */ = {isa = PBXFileReference; explicitFileType = undefined; fileEncoding = 9; includeInIndex = 0; lastKnownFileType = unknown; name = "SFProDisplay-Semibold.otf"; path = "../assets/fonts/SFProDisplay-Semibold.otf"; sourceTree = "<group>"; };
		0ABAF0012BE2C9CD00AC8BBC /* PrivacyInfo.xcprivacy */ = {isa = PBXFileReference; lastKnownFileType = text.xml; path = PrivacyInfo.xcprivacy; sourceTree = "<group>"; };
		0ABFD78A2BD76B9200BCDD22 /* Splitsies.entitlements */ = {isa = PBXFileReference; lastKnownFileType = text.plist.entitlements; name = Splitsies.entitlements; path = Splitsies/Splitsies.entitlements; sourceTree = "<group>"; };
		0ABFD78B2BD76FEC00BCDD22 /* GoogleService-Info.plist */ = {isa = PBXFileReference; fileEncoding = 4; lastKnownFileType = text.plist.xml; path = "GoogleService-Info.plist"; sourceTree = "<group>"; };
		0B361C402DDE45449C3DC27D /* SofiaProRegular.ttf */ = {isa = PBXFileReference; explicitFileType = undefined; fileEncoding = 9; includeInIndex = 0; lastKnownFileType = unknown; name = SofiaProRegular.ttf; path = ../assets/fonts/SofiaProRegular.ttf; sourceTree = "<group>"; };
		0BFCA8643E9544A0AF9058B7 /* Avenir-MediumOblique.ttf */ = {isa = PBXFileReference; explicitFileType = undefined; fileEncoding = 9; includeInIndex = 0; lastKnownFileType = unknown; name = "Avenir-MediumOblique.ttf"; path = "../assets/fonts/Avenir-MediumOblique.ttf"; sourceTree = "<group>"; };
		0C044390BC8C4878A0F66372 /* SFProDisplay-SemiboldItalic.otf */ = {isa = PBXFileReference; explicitFileType = undefined; fileEncoding = 9; includeInIndex = 0; lastKnownFileType = unknown; name = "SFProDisplay-SemiboldItalic.otf"; path = "../assets/fonts/SFProDisplay-SemiboldItalic.otf"; sourceTree = "<group>"; };
		10103C4E87494F77A37DF134 /* SofiaProUltraLight.ttf */ = {isa = PBXFileReference; explicitFileType = undefined; fileEncoding = 9; includeInIndex = 0; lastKnownFileType = unknown; name = SofiaProUltraLight.ttf; path = ../assets/fonts/SofiaProUltraLight.ttf; sourceTree = "<group>"; };
		11F927862A4499B3621D8B5C /* Pods_Splitsies_SplitsiesTests.framework */ = {isa = PBXFileReference; explicitFileType = wrapper.framework; includeInIndex = 0; path = Pods_Splitsies_SplitsiesTests.framework; sourceTree = BUILT_PRODUCTS_DIR; };
		129470D6225046BCA44574B8 /* BootSplash.storyboard */ = {isa = PBXFileReference; explicitFileType = undefined; fileEncoding = 9; includeInIndex = 0; lastKnownFileType = unknown; name = BootSplash.storyboard; path = Splitsies/BootSplash.storyboard; sourceTree = "<group>"; };
		13B07F961A680F5B00A75B9A /* Splitsies.app */ = {isa = PBXFileReference; explicitFileType = wrapper.application; includeInIndex = 0; path = Splitsies.app; sourceTree = BUILT_PRODUCTS_DIR; };
		13B07FAF1A68108700A75B9A /* AppDelegate.h */ = {isa = PBXFileReference; fileEncoding = 4; lastKnownFileType = sourcecode.c.h; name = AppDelegate.h; path = Splitsies/AppDelegate.h; sourceTree = "<group>"; };
		13B07FB01A68108700A75B9A /* AppDelegate.mm */ = {isa = PBXFileReference; fileEncoding = 4; lastKnownFileType = sourcecode.cpp.objcpp; name = AppDelegate.mm; path = Splitsies/AppDelegate.mm; sourceTree = "<group>"; };
		13B07FB51A68108700A75B9A /* Images.xcassets */ = {isa = PBXFileReference; lastKnownFileType = folder.assetcatalog; name = Images.xcassets; path = Splitsies/Images.xcassets; sourceTree = "<group>"; };
		13B07FB61A68108700A75B9A /* Info.plist */ = {isa = PBXFileReference; fileEncoding = 4; lastKnownFileType = text.plist.xml; name = Info.plist; path = Splitsies/Info.plist; sourceTree = "<group>"; };
		13B07FB71A68108700A75B9A /* main.m */ = {isa = PBXFileReference; fileEncoding = 4; lastKnownFileType = sourcecode.c.objc; name = main.m; path = Splitsies/main.m; sourceTree = "<group>"; };
		14CC2BF3DF5E42BBAA88519B /* Avenir-Medium.ttf */ = {isa = PBXFileReference; explicitFileType = undefined; fileEncoding = 9; includeInIndex = 0; lastKnownFileType = unknown; name = "Avenir-Medium.ttf"; path = "../assets/fonts/Avenir-Medium.ttf"; sourceTree = "<group>"; };
		18C295E00DB14DF986518592 /* SofiaProBlack-Italic.ttf */ = {isa = PBXFileReference; explicitFileType = undefined; fileEncoding = 9; includeInIndex = 0; lastKnownFileType = unknown; name = "SofiaProBlack-Italic.ttf"; path = "../assets/fonts/SofiaProBlack-Italic.ttf"; sourceTree = "<group>"; };
		1EA9282E39404DB691DDE41A /* SofiaProMedium-Italic.ttf */ = {isa = PBXFileReference; explicitFileType = undefined; fileEncoding = 9; includeInIndex = 0; lastKnownFileType = unknown; name = "SofiaProMedium-Italic.ttf"; path = "../assets/fonts/SofiaProMedium-Italic.ttf"; sourceTree = "<group>"; };
		2843924795534B7A879863CD /* SofiaProExtraLight.ttf */ = {isa = PBXFileReference; explicitFileType = undefined; fileEncoding = 9; includeInIndex = 0; lastKnownFileType = unknown; name = SofiaProExtraLight.ttf; path = ../assets/fonts/SofiaProExtraLight.ttf; sourceTree = "<group>"; };
		29CBF9EE9549423F8B710F39 /* SFProDisplay-MediumItalic.otf */ = {isa = PBXFileReference; explicitFileType = undefined; fileEncoding = 9; includeInIndex = 0; lastKnownFileType = unknown; name = "SFProDisplay-MediumItalic.otf"; path = "../assets/fonts/SFProDisplay-MediumItalic.otf"; sourceTree = "<group>"; };
		2B233B5E4ECD41979F7C2963 /* SFProDisplay-LightItalic.otf */ = {isa = PBXFileReference; explicitFileType = undefined; fileEncoding = 9; includeInIndex = 0; lastKnownFileType = unknown; name = "SFProDisplay-LightItalic.otf"; path = "../assets/fonts/SFProDisplay-LightItalic.otf"; sourceTree = "<group>"; };
		2EFF492F2E634860B0A82A46 /* Avenir-Black.ttf */ = {isa = PBXFileReference; explicitFileType = undefined; fileEncoding = 9; includeInIndex = 0; lastKnownFileType = unknown; name = "Avenir-Black.ttf"; path = "../assets/fonts/Avenir-Black.ttf"; sourceTree = "<group>"; };
		2FD7E43AE52C4C3EA01F2EFE /* SFProDisplay-Medium.otf */ = {isa = PBXFileReference; explicitFileType = undefined; fileEncoding = 9; includeInIndex = 0; lastKnownFileType = unknown; name = "SFProDisplay-Medium.otf"; path = "../assets/fonts/SFProDisplay-Medium.otf"; sourceTree = "<group>"; };
		32A323F4D0D3436FB2476C3F /* SFProDisplay-Light.otf */ = {isa = PBXFileReference; explicitFileType = undefined; fileEncoding = 9; includeInIndex = 0; lastKnownFileType = unknown; name = "SFProDisplay-Light.otf"; path = "../assets/fonts/SFProDisplay-Light.otf"; sourceTree = "<group>"; };
		383F37E9E67E48DB8504C3EF /* SofiaProUltraLight-Italic.ttf */ = {isa = PBXFileReference; explicitFileType = undefined; fileEncoding = 9; includeInIndex = 0; lastKnownFileType = unknown; name = "SofiaProUltraLight-Italic.ttf"; path = "../assets/fonts/SofiaProUltraLight-Italic.ttf"; sourceTree = "<group>"; };
		3B4392A12AC88292D35C810B /* Pods-Splitsies.debug.xcconfig */ = {isa = PBXFileReference; includeInIndex = 1; lastKnownFileType = text.xcconfig; name = "Pods-Splitsies.debug.xcconfig"; path = "Target Support Files/Pods-Splitsies/Pods-Splitsies.debug.xcconfig"; sourceTree = "<group>"; };
		3B857FF653EB420C93B2118B /* SofiaProSemiBold.ttf */ = {isa = PBXFileReference; explicitFileType = undefined; fileEncoding = 9; includeInIndex = 0; lastKnownFileType = unknown; name = SofiaProSemiBold.ttf; path = ../assets/fonts/SofiaProSemiBold.ttf; sourceTree = "<group>"; };
		427F89B54FD84D958D04DF2C /* SofiaProLight-Italic.ttf */ = {isa = PBXFileReference; explicitFileType = undefined; fileEncoding = 9; includeInIndex = 0; lastKnownFileType = unknown; name = "SofiaProLight-Italic.ttf"; path = "../assets/fonts/SofiaProLight-Italic.ttf"; sourceTree = "<group>"; };
		484B42FF26CE4C6B8D1A0550 /* SofiaProBlack.ttf */ = {isa = PBXFileReference; explicitFileType = undefined; fileEncoding = 9; includeInIndex = 0; lastKnownFileType = unknown; name = SofiaProBlack.ttf; path = ../assets/fonts/SofiaProBlack.ttf; sourceTree = "<group>"; };
		516B24184FF24E0F90706286 /* SofiaProMedium.ttf */ = {isa = PBXFileReference; explicitFileType = undefined; fileEncoding = 9; includeInIndex = 0; lastKnownFileType = unknown; name = SofiaProMedium.ttf; path = ../assets/fonts/SofiaProMedium.ttf; sourceTree = "<group>"; };
		5709B34CF0A7D63546082F79 /* Pods-Splitsies.release.xcconfig */ = {isa = PBXFileReference; includeInIndex = 1; lastKnownFileType = text.xcconfig; name = "Pods-Splitsies.release.xcconfig"; path = "Target Support Files/Pods-Splitsies/Pods-Splitsies.release.xcconfig"; sourceTree = "<group>"; };
		5B7EB9410499542E8C5724F5 /* Pods-Splitsies-SplitsiesTests.debug.xcconfig */ = {isa = PBXFileReference; includeInIndex = 1; lastKnownFileType = text.xcconfig; name = "Pods-Splitsies-SplitsiesTests.debug.xcconfig"; path = "Target Support Files/Pods-Splitsies-SplitsiesTests/Pods-Splitsies-SplitsiesTests.debug.xcconfig"; sourceTree = "<group>"; };
		60D536F704654C91B27E9E78 /* SFProDisplay-Black.otf */ = {isa = PBXFileReference; explicitFileType = undefined; fileEncoding = 9; includeInIndex = 0; lastKnownFileType = unknown; name = "SFProDisplay-Black.otf"; path = "../assets/fonts/SFProDisplay-Black.otf"; sourceTree = "<group>"; };
		672419FB6F794F28B6935B4E /* SFProDisplay-Heavy.otf */ = {isa = PBXFileReference; explicitFileType = undefined; fileEncoding = 9; includeInIndex = 0; lastKnownFileType = unknown; name = "SFProDisplay-Heavy.otf"; path = "../assets/fonts/SFProDisplay-Heavy.otf"; sourceTree = "<group>"; };
		6894F43FEADE4FF0888E6D2B /* Avenir-BlackOblique.ttf */ = {isa = PBXFileReference; explicitFileType = undefined; fileEncoding = 9; includeInIndex = 0; lastKnownFileType = unknown; name = "Avenir-BlackOblique.ttf"; path = "../assets/fonts/Avenir-BlackOblique.ttf"; sourceTree = "<group>"; };
		6C8949299AA64C36B43FFC5A /* ZillaSlab-SemiBold.ttf */ = {isa = PBXFileReference; explicitFileType = undefined; fileEncoding = 9; includeInIndex = 0; lastKnownFileType = unknown; name = "ZillaSlab-SemiBold.ttf"; path = "../assets/fonts/ZillaSlab-SemiBold.ttf"; sourceTree = "<group>"; };
		76FE587C649E4E668E10BD19 /* Avenir-Oblique.ttf */ = {isa = PBXFileReference; explicitFileType = undefined; fileEncoding = 9; includeInIndex = 0; lastKnownFileType = unknown; name = "Avenir-Oblique.ttf"; path = "../assets/fonts/Avenir-Oblique.ttf"; sourceTree = "<group>"; };
		790B736A11D94B85BD79CC44 /* Avenir-HeavyOblique.ttf */ = {isa = PBXFileReference; explicitFileType = undefined; fileEncoding = 9; includeInIndex = 0; lastKnownFileType = unknown; name = "Avenir-HeavyOblique.ttf"; path = "../assets/fonts/Avenir-HeavyOblique.ttf"; sourceTree = "<group>"; };
		8162B13D5BBC49438FD69FCA /* Avenir-LightOblique.ttf */ = {isa = PBXFileReference; explicitFileType = undefined; fileEncoding = 9; includeInIndex = 0; lastKnownFileType = unknown; name = "Avenir-LightOblique.ttf"; path = "../assets/fonts/Avenir-LightOblique.ttf"; sourceTree = "<group>"; };
		870394F14F734A3092E47FE6 /* SofiaProLight.ttf */ = {isa = PBXFileReference; explicitFileType = undefined; fileEncoding = 9; includeInIndex = 0; lastKnownFileType = unknown; name = SofiaProLight.ttf; path = ../assets/fonts/SofiaProLight.ttf; sourceTree = "<group>"; };
		89C6BE57DB24E9ADA2F236DE /* Pods-Splitsies-SplitsiesTests.release.xcconfig */ = {isa = PBXFileReference; includeInIndex = 1; lastKnownFileType = text.xcconfig; name = "Pods-Splitsies-SplitsiesTests.release.xcconfig"; path = "Target Support Files/Pods-Splitsies-SplitsiesTests/Pods-Splitsies-SplitsiesTests.release.xcconfig"; sourceTree = "<group>"; };
		8BFC150864A710FAD221FC5A /* Pods_Splitsies.framework */ = {isa = PBXFileReference; explicitFileType = wrapper.framework; includeInIndex = 0; path = Pods_Splitsies.framework; sourceTree = BUILT_PRODUCTS_DIR; };
		93B766245FB3452DB3D39585 /* SFProDisplay-Bold.otf */ = {isa = PBXFileReference; explicitFileType = undefined; fileEncoding = 9; includeInIndex = 0; lastKnownFileType = unknown; name = "SFProDisplay-Bold.otf"; path = "../assets/fonts/SFProDisplay-Bold.otf"; sourceTree = "<group>"; };
		94133E1DF94B4AD295FC246B /* SFProDisplay-RegularItalic.otf */ = {isa = PBXFileReference; explicitFileType = undefined; fileEncoding = 9; includeInIndex = 0; lastKnownFileType = unknown; name = "SFProDisplay-RegularItalic.otf"; path = "../assets/fonts/SFProDisplay-RegularItalic.otf"; sourceTree = "<group>"; };
		9585C76C78DE4D03AFD728BC /* Avenir-Heavy.ttf */ = {isa = PBXFileReference; explicitFileType = undefined; fileEncoding = 9; includeInIndex = 0; lastKnownFileType = unknown; name = "Avenir-Heavy.ttf"; path = "../assets/fonts/Avenir-Heavy.ttf"; sourceTree = "<group>"; };
		97B63AAD162B47C48D92B8C1 /* SFProDisplay-BlackItalic.otf */ = {isa = PBXFileReference; explicitFileType = undefined; fileEncoding = 9; includeInIndex = 0; lastKnownFileType = unknown; name = "SFProDisplay-BlackItalic.otf"; path = "../assets/fonts/SFProDisplay-BlackItalic.otf"; sourceTree = "<group>"; };
		97DE6B2250F74D4088CACDC3 /* SFProDisplay-UltralightItalic.otf */ = {isa = PBXFileReference; explicitFileType = undefined; fileEncoding = 9; includeInIndex = 0; lastKnownFileType = unknown; name = "SFProDisplay-UltralightItalic.otf"; path = "../assets/fonts/SFProDisplay-UltralightItalic.otf"; sourceTree = "<group>"; };
		9A4AB79A26F048FC95C022F1 /* SFProDisplay-Regular.otf */ = {isa = PBXFileReference; explicitFileType = undefined; fileEncoding = 9; includeInIndex = 0; lastKnownFileType = unknown; name = "SFProDisplay-Regular.otf"; path = "../assets/fonts/SFProDisplay-Regular.otf"; sourceTree = "<group>"; };
		A4268799DEE146C6ACDAD6B2 /* SFProDisplay-Ultralight.otf */ = {isa = PBXFileReference; explicitFileType = undefined; fileEncoding = 9; includeInIndex = 0; lastKnownFileType = unknown; name = "SFProDisplay-Ultralight.otf"; path = "../assets/fonts/SFProDisplay-Ultralight.otf"; sourceTree = "<group>"; };
		A6297DE5838D425A840BF0E5 /* ZillaSlab-SemiBoldItalic.ttf */ = {isa = PBXFileReference; explicitFileType = undefined; fileEncoding = 9; includeInIndex = 0; lastKnownFileType = unknown; name = "ZillaSlab-SemiBoldItalic.ttf"; path = "../assets/fonts/ZillaSlab-SemiBoldItalic.ttf"; sourceTree = "<group>"; };
		A830B1D622EE4ACDB18642AB /* ZillaSlab-LightItalic.ttf */ = {isa = PBXFileReference; explicitFileType = undefined; fileEncoding = 9; includeInIndex = 0; lastKnownFileType = unknown; name = "ZillaSlab-LightItalic.ttf"; path = "../assets/fonts/ZillaSlab-LightItalic.ttf"; sourceTree = "<group>"; };
		AAC102FA9E66444F89D64225 /* SFProDisplay-ThinItalic.otf */ = {isa = PBXFileReference; explicitFileType = undefined; fileEncoding = 9; includeInIndex = 0; lastKnownFileType = unknown; name = "SFProDisplay-ThinItalic.otf"; path = "../assets/fonts/SFProDisplay-ThinItalic.otf"; sourceTree = "<group>"; };
		AED87C2BACCC48F2B2CFE787 /* Avenir-Roman.ttf */ = {isa = PBXFileReference; explicitFileType = undefined; fileEncoding = 9; includeInIndex = 0; lastKnownFileType = unknown; name = "Avenir-Roman.ttf"; path = "../assets/fonts/Avenir-Roman.ttf"; sourceTree = "<group>"; };
		B604B966BAF248319405D127 /* SofiaProExtraLight-Italic.ttf */ = {isa = PBXFileReference; explicitFileType = undefined; fileEncoding = 9; includeInIndex = 0; lastKnownFileType = unknown; name = "SofiaProExtraLight-Italic.ttf"; path = "../assets/fonts/SofiaProExtraLight-Italic.ttf"; sourceTree = "<group>"; };
		B859070C187A4EAEA6FE71A2 /* ZillaSlab-BoldItalic.ttf */ = {isa = PBXFileReference; explicitFileType = undefined; fileEncoding = 9; includeInIndex = 0; lastKnownFileType = unknown; name = "ZillaSlab-BoldItalic.ttf"; path = "../assets/fonts/ZillaSlab-BoldItalic.ttf"; sourceTree = "<group>"; };
		C0E146DA45F54FAEB239AB7A /* ZillaSlab-Medium.ttf */ = {isa = PBXFileReference; explicitFileType = undefined; fileEncoding = 9; includeInIndex = 0; lastKnownFileType = unknown; name = "ZillaSlab-Medium.ttf"; path = "../assets/fonts/ZillaSlab-Medium.ttf"; sourceTree = "<group>"; };
		C922536F622744708DF34EA7 /* ZillaSlab-Italic.ttf */ = {isa = PBXFileReference; explicitFileType = undefined; fileEncoding = 9; includeInIndex = 0; lastKnownFileType = unknown; name = "ZillaSlab-Italic.ttf"; path = "../assets/fonts/ZillaSlab-Italic.ttf"; sourceTree = "<group>"; };
		CBD50837607F440982B3764A /* ZillaSlab-Regular.ttf */ = {isa = PBXFileReference; explicitFileType = undefined; fileEncoding = 9; includeInIndex = 0; lastKnownFileType = unknown; name = "ZillaSlab-Regular.ttf"; path = "../assets/fonts/ZillaSlab-Regular.ttf"; sourceTree = "<group>"; };
		CFEABF9B5CB240529BE78923 /* ZillaSlab-MediumItalic.ttf */ = {isa = PBXFileReference; explicitFileType = undefined; fileEncoding = 9; includeInIndex = 0; lastKnownFileType = unknown; name = "ZillaSlab-MediumItalic.ttf"; path = "../assets/fonts/ZillaSlab-MediumItalic.ttf"; sourceTree = "<group>"; };
		D2FFC041C71F4F10B549A201 /* SFProDisplay-BoldItalic.otf */ = {isa = PBXFileReference; explicitFileType = undefined; fileEncoding = 9; includeInIndex = 0; lastKnownFileType = unknown; name = "SFProDisplay-BoldItalic.otf"; path = "../assets/fonts/SFProDisplay-BoldItalic.otf"; sourceTree = "<group>"; };
		D5BE6BA9045847459342CBFD /* SFProDisplay-HeavyItalic.otf */ = {isa = PBXFileReference; explicitFileType = undefined; fileEncoding = 9; includeInIndex = 0; lastKnownFileType = unknown; name = "SFProDisplay-HeavyItalic.otf"; path = "../assets/fonts/SFProDisplay-HeavyItalic.otf"; sourceTree = "<group>"; };
		D6711B4EE27949418DFC7A53 /* Avenir-Book.ttf */ = {isa = PBXFileReference; explicitFileType = undefined; fileEncoding = 9; includeInIndex = 0; lastKnownFileType = unknown; name = "Avenir-Book.ttf"; path = "../assets/fonts/Avenir-Book.ttf"; sourceTree = "<group>"; };
		DAA7B65BA01643769804D5CF /* ZillaSlab-Light.ttf */ = {isa = PBXFileReference; explicitFileType = undefined; fileEncoding = 9; includeInIndex = 0; lastKnownFileType = unknown; name = "ZillaSlab-Light.ttf"; path = "../assets/fonts/ZillaSlab-Light.ttf"; sourceTree = "<group>"; };
		DEADB0C0D6DC4077A246C5E3 /* SofiaProSemiBold-Italic.ttf */ = {isa = PBXFileReference; explicitFileType = undefined; fileEncoding = 9; includeInIndex = 0; lastKnownFileType = unknown; name = "SofiaProSemiBold-Italic.ttf"; path = "../assets/fonts/SofiaProSemiBold-Italic.ttf"; sourceTree = "<group>"; };
		E599D65E62E84E098F645311 /* SofiaProBold-Italic.ttf */ = {isa = PBXFileReference; explicitFileType = undefined; fileEncoding = 9; includeInIndex = 0; lastKnownFileType = unknown; name = "SofiaProBold-Italic.ttf"; path = "../assets/fonts/SofiaProBold-Italic.ttf"; sourceTree = "<group>"; };
		E8DCEA385F8341F3BAC247FC /* SofiaProBold.ttf */ = {isa = PBXFileReference; explicitFileType = undefined; fileEncoding = 9; includeInIndex = 0; lastKnownFileType = unknown; name = SofiaProBold.ttf; path = ../assets/fonts/SofiaProBold.ttf; sourceTree = "<group>"; };
		ED297162215061F000B7C4FE /* JavaScriptCore.framework */ = {isa = PBXFileReference; lastKnownFileType = wrapper.framework; name = JavaScriptCore.framework; path = System/Library/Frameworks/JavaScriptCore.framework; sourceTree = SDKROOT; };
		F6AF423B02FC48D3A7937B86 /* SofiaProRegular-Italic.ttf */ = {isa = PBXFileReference; explicitFileType = undefined; fileEncoding = 9; includeInIndex = 0; lastKnownFileType = unknown; name = "SofiaProRegular-Italic.ttf"; path = "../assets/fonts/SofiaProRegular-Italic.ttf"; sourceTree = "<group>"; };
		F6D04C0CBC9C49F5B98C3A9F /* SFProDisplay-Thin.otf */ = {isa = PBXFileReference; explicitFileType = undefined; fileEncoding = 9; includeInIndex = 0; lastKnownFileType = unknown; name = "SFProDisplay-Thin.otf"; path = "../assets/fonts/SFProDisplay-Thin.otf"; sourceTree = "<group>"; };
		FB29BA16D9504DE9B74D193D /* ZillaSlab-Bold.ttf */ = {isa = PBXFileReference; explicitFileType = undefined; fileEncoding = 9; includeInIndex = 0; lastKnownFileType = unknown; name = "ZillaSlab-Bold.ttf"; path = "../assets/fonts/ZillaSlab-Bold.ttf"; sourceTree = "<group>"; };
		FE6CBDD5513D4A63AEEC981A /* Avenir-BookOblique.ttf */ = {isa = PBXFileReference; explicitFileType = undefined; fileEncoding = 9; includeInIndex = 0; lastKnownFileType = unknown; name = "Avenir-BookOblique.ttf"; path = "../assets/fonts/Avenir-BookOblique.ttf"; sourceTree = "<group>"; };
/* End PBXFileReference section */

/* Begin PBXFrameworksBuildPhase section */
		00E356EB1AD99517003FC87E /* Frameworks */ = {
			isa = PBXFrameworksBuildPhase;
			buildActionMask = 2147483647;
			files = (
				D5804CA25D0D57AB642D925F /* Pods_Splitsies_SplitsiesTests.framework in Frameworks */,
			);
			runOnlyForDeploymentPostprocessing = 0;
		};
		13B07F8C1A680F5B00A75B9A /* Frameworks */ = {
			isa = PBXFrameworksBuildPhase;
			buildActionMask = 2147483647;
			files = (
				1F606A2D8B6A2636B9ED6E9A /* Pods_Splitsies.framework in Frameworks */,
			);
			runOnlyForDeploymentPostprocessing = 0;
		};
/* End PBXFrameworksBuildPhase section */

/* Begin PBXGroup section */
		00E356EF1AD99517003FC87E /* SplitsiesTests */ = {
			isa = PBXGroup;
			children = (
				00E356F21AD99517003FC87E /* SplitsiesTests.m */,
				00E356F01AD99517003FC87E /* Supporting Files */,
			);
			path = SplitsiesTests;
			sourceTree = "<group>";
		};
		00E356F01AD99517003FC87E /* Supporting Files */ = {
			isa = PBXGroup;
			children = (
				00E356F11AD99517003FC87E /* Info.plist */,
			);
			name = "Supporting Files";
			sourceTree = "<group>";
		};
		0F88A5FE5DD044D7B4F86AF5 /* Resources */ = {
			isa = PBXGroup;
			children = (
				60D536F704654C91B27E9E78 /* SFProDisplay-Black.otf */,
				97B63AAD162B47C48D92B8C1 /* SFProDisplay-BlackItalic.otf */,
				93B766245FB3452DB3D39585 /* SFProDisplay-Bold.otf */,
				D2FFC041C71F4F10B549A201 /* SFProDisplay-BoldItalic.otf */,
				672419FB6F794F28B6935B4E /* SFProDisplay-Heavy.otf */,
				D5BE6BA9045847459342CBFD /* SFProDisplay-HeavyItalic.otf */,
				32A323F4D0D3436FB2476C3F /* SFProDisplay-Light.otf */,
				2B233B5E4ECD41979F7C2963 /* SFProDisplay-LightItalic.otf */,
				2FD7E43AE52C4C3EA01F2EFE /* SFProDisplay-Medium.otf */,
				29CBF9EE9549423F8B710F39 /* SFProDisplay-MediumItalic.otf */,
				9A4AB79A26F048FC95C022F1 /* SFProDisplay-Regular.otf */,
				94133E1DF94B4AD295FC246B /* SFProDisplay-RegularItalic.otf */,
				06BD2FAE0A2B46629B19DA4F /* SFProDisplay-Semibold.otf */,
				0C044390BC8C4878A0F66372 /* SFProDisplay-SemiboldItalic.otf */,
				F6D04C0CBC9C49F5B98C3A9F /* SFProDisplay-Thin.otf */,
				AAC102FA9E66444F89D64225 /* SFProDisplay-ThinItalic.otf */,
				A4268799DEE146C6ACDAD6B2 /* SFProDisplay-Ultralight.otf */,
				97DE6B2250F74D4088CACDC3 /* SFProDisplay-UltralightItalic.otf */,
				2EFF492F2E634860B0A82A46 /* Avenir-Black.ttf */,
				6894F43FEADE4FF0888E6D2B /* Avenir-BlackOblique.ttf */,
				D6711B4EE27949418DFC7A53 /* Avenir-Book.ttf */,
				FE6CBDD5513D4A63AEEC981A /* Avenir-BookOblique.ttf */,
				9585C76C78DE4D03AFD728BC /* Avenir-Heavy.ttf */,
				790B736A11D94B85BD79CC44 /* Avenir-HeavyOblique.ttf */,
				04042A2BB6974EF6A5A6EE64 /* Avenir-Light.ttf */,
				8162B13D5BBC49438FD69FCA /* Avenir-LightOblique.ttf */,
				14CC2BF3DF5E42BBAA88519B /* Avenir-Medium.ttf */,
				0BFCA8643E9544A0AF9058B7 /* Avenir-MediumOblique.ttf */,
				76FE587C649E4E668E10BD19 /* Avenir-Oblique.ttf */,
				AED87C2BACCC48F2B2CFE787 /* Avenir-Roman.ttf */,
				18C295E00DB14DF986518592 /* SofiaProBlack-Italic.ttf */,
				484B42FF26CE4C6B8D1A0550 /* SofiaProBlack.ttf */,
				E599D65E62E84E098F645311 /* SofiaProBold-Italic.ttf */,
				E8DCEA385F8341F3BAC247FC /* SofiaProBold.ttf */,
				B604B966BAF248319405D127 /* SofiaProExtraLight-Italic.ttf */,
				2843924795534B7A879863CD /* SofiaProExtraLight.ttf */,
				427F89B54FD84D958D04DF2C /* SofiaProLight-Italic.ttf */,
				870394F14F734A3092E47FE6 /* SofiaProLight.ttf */,
				1EA9282E39404DB691DDE41A /* SofiaProMedium-Italic.ttf */,
				516B24184FF24E0F90706286 /* SofiaProMedium.ttf */,
				F6AF423B02FC48D3A7937B86 /* SofiaProRegular-Italic.ttf */,
				0B361C402DDE45449C3DC27D /* SofiaProRegular.ttf */,
				DEADB0C0D6DC4077A246C5E3 /* SofiaProSemiBold-Italic.ttf */,
				3B857FF653EB420C93B2118B /* SofiaProSemiBold.ttf */,
				383F37E9E67E48DB8504C3EF /* SofiaProUltraLight-Italic.ttf */,
				10103C4E87494F77A37DF134 /* SofiaProUltraLight.ttf */,
				FB29BA16D9504DE9B74D193D /* ZillaSlab-Bold.ttf */,
				B859070C187A4EAEA6FE71A2 /* ZillaSlab-BoldItalic.ttf */,
				C922536F622744708DF34EA7 /* ZillaSlab-Italic.ttf */,
				DAA7B65BA01643769804D5CF /* ZillaSlab-Light.ttf */,
				A830B1D622EE4ACDB18642AB /* ZillaSlab-LightItalic.ttf */,
				C0E146DA45F54FAEB239AB7A /* ZillaSlab-Medium.ttf */,
				CFEABF9B5CB240529BE78923 /* ZillaSlab-MediumItalic.ttf */,
				CBD50837607F440982B3764A /* ZillaSlab-Regular.ttf */,
				6C8949299AA64C36B43FFC5A /* ZillaSlab-SemiBold.ttf */,
				A6297DE5838D425A840BF0E5 /* ZillaSlab-SemiBoldItalic.ttf */,
			);
			name = Resources;
			sourceTree = "<group>";
		};
		13B07FAE1A68108700A75B9A /* Splitsies */ = {
			isa = PBXGroup;
			children = (
				0ABFD78A2BD76B9200BCDD22 /* Splitsies.entitlements */,
				13B07FAF1A68108700A75B9A /* AppDelegate.h */,
				13B07FB01A68108700A75B9A /* AppDelegate.mm */,
				13B07FB51A68108700A75B9A /* Images.xcassets */,
				13B07FB61A68108700A75B9A /* Info.plist */,
				13B07FB71A68108700A75B9A /* main.m */,
				129470D6225046BCA44574B8 /* BootSplash.storyboard */,
			);
			name = Splitsies;
			sourceTree = "<group>";
		};
		2D16E6871FA4F8E400B85C8A /* Frameworks */ = {
			isa = PBXGroup;
			children = (
				ED297162215061F000B7C4FE /* JavaScriptCore.framework */,
				8BFC150864A710FAD221FC5A /* Pods_Splitsies.framework */,
				11F927862A4499B3621D8B5C /* Pods_Splitsies_SplitsiesTests.framework */,
			);
			name = Frameworks;
			sourceTree = "<group>";
		};
		832341AE1AAA6A7D00B99B32 /* Libraries */ = {
			isa = PBXGroup;
			children = (
			);
			name = Libraries;
			sourceTree = "<group>";
		};
		83CBB9F61A601CBA00E9B192 = {
			isa = PBXGroup;
			children = (
				0ABAF0012BE2C9CD00AC8BBC /* PrivacyInfo.xcprivacy */,
				0ABFD78B2BD76FEC00BCDD22 /* GoogleService-Info.plist */,
				13B07FAE1A68108700A75B9A /* Splitsies */,
				832341AE1AAA6A7D00B99B32 /* Libraries */,
				00E356EF1AD99517003FC87E /* SplitsiesTests */,
				83CBBA001A601CBA00E9B192 /* Products */,
				2D16E6871FA4F8E400B85C8A /* Frameworks */,
				BBD78D7AC51CEA395F1C20DB /* Pods */,
				0F88A5FE5DD044D7B4F86AF5 /* Resources */,
			);
			indentWidth = 2;
			sourceTree = "<group>";
			tabWidth = 2;
			usesTabs = 0;
		};
		83CBBA001A601CBA00E9B192 /* Products */ = {
			isa = PBXGroup;
			children = (
				13B07F961A680F5B00A75B9A /* Splitsies.app */,
				00E356EE1AD99517003FC87E /* SplitsiesTests.xctest */,
			);
			name = Products;
			sourceTree = "<group>";
		};
		BBD78D7AC51CEA395F1C20DB /* Pods */ = {
			isa = PBXGroup;
			children = (
				3B4392A12AC88292D35C810B /* Pods-Splitsies.debug.xcconfig */,
				5709B34CF0A7D63546082F79 /* Pods-Splitsies.release.xcconfig */,
				5B7EB9410499542E8C5724F5 /* Pods-Splitsies-SplitsiesTests.debug.xcconfig */,
				89C6BE57DB24E9ADA2F236DE /* Pods-Splitsies-SplitsiesTests.release.xcconfig */,
			);
			path = Pods;
			sourceTree = "<group>";
		};
/* End PBXGroup section */

/* Begin PBXNativeTarget section */
		00E356ED1AD99517003FC87E /* SplitsiesTests */ = {
			isa = PBXNativeTarget;
			buildConfigurationList = 00E357021AD99517003FC87E /* Build configuration list for PBXNativeTarget "SplitsiesTests" */;
			buildPhases = (
				A55EABD7B0C7F3A422A6CC61 /* [CP] Check Pods Manifest.lock */,
				00E356EA1AD99517003FC87E /* Sources */,
				00E356EB1AD99517003FC87E /* Frameworks */,
				00E356EC1AD99517003FC87E /* Resources */,
				C59DA0FBD6956966B86A3779 /* [CP] Embed Pods Frameworks */,
				F6A41C54EA430FDDC6A6ED99 /* [CP] Copy Pods Resources */,
			);
			buildRules = (
			);
			dependencies = (
				00E356F51AD99517003FC87E /* PBXTargetDependency */,
			);
			name = SplitsiesTests;
			productName = SplitsiesTests;
			productReference = 00E356EE1AD99517003FC87E /* SplitsiesTests.xctest */;
			productType = "com.apple.product-type.bundle.unit-test";
		};
		13B07F861A680F5B00A75B9A /* Splitsies */ = {
			isa = PBXNativeTarget;
			buildConfigurationList = 13B07F931A680F5B00A75B9A /* Build configuration list for PBXNativeTarget "Splitsies" */;
			buildPhases = (
				C38B50BA6285516D6DCD4F65 /* [CP] Check Pods Manifest.lock */,
				FD10A7F022414F080027D42C /* Start Packager */,
				13B07F871A680F5B00A75B9A /* Sources */,
				13B07F8C1A680F5B00A75B9A /* Frameworks */,
				13B07F8E1A680F5B00A75B9A /* Resources */,
				00DD1BFF1BD5951E006B06BC /* Bundle React Native code and images */,
				00EEFC60759A1932668264C0 /* [CP] Embed Pods Frameworks */,
				E235C05ADACE081382539298 /* [CP] Copy Pods Resources */,
				ECAF2CB0EF068B2650098E57 /* [CP-User] [RNGoogleMobileAds] Configuration */,
				5351249C0FE697291593A898 /* [CP-User] [RNFB] Core Configuration */,
			);
			buildRules = (
			);
			dependencies = (
			);
			name = Splitsies;
			productName = Splitsies;
			productReference = 13B07F961A680F5B00A75B9A /* Splitsies.app */;
			productType = "com.apple.product-type.application";
		};
/* End PBXNativeTarget section */

/* Begin PBXProject section */
		83CBB9F71A601CBA00E9B192 /* Project object */ = {
			isa = PBXProject;
			attributes = {
				LastUpgradeCheck = 1210;
				TargetAttributes = {
					00E356ED1AD99517003FC87E = {
						CreatedOnToolsVersion = 6.2;
						TestTargetID = 13B07F861A680F5B00A75B9A;
					};
					13B07F861A680F5B00A75B9A = {
						LastSwiftMigration = 1120;
					};
				};
			};
			buildConfigurationList = 83CBB9FA1A601CBA00E9B192 /* Build configuration list for PBXProject "Splitsies" */;
			compatibilityVersion = "Xcode 12.0";
			developmentRegion = en;
			hasScannedForEncodings = 0;
			knownRegions = (
				en,
				Base,
			);
			mainGroup = 83CBB9F61A601CBA00E9B192;
			productRefGroup = 83CBBA001A601CBA00E9B192 /* Products */;
			projectDirPath = "";
			projectRoot = "";
			targets = (
				13B07F861A680F5B00A75B9A /* Splitsies */,
				00E356ED1AD99517003FC87E /* SplitsiesTests */,
			);
		};
/* End PBXProject section */

/* Begin PBXResourcesBuildPhase section */
		00E356EC1AD99517003FC87E /* Resources */ = {
			isa = PBXResourcesBuildPhase;
			buildActionMask = 2147483647;
			files = (
			);
			runOnlyForDeploymentPostprocessing = 0;
		};
		13B07F8E1A680F5B00A75B9A /* Resources */ = {
			isa = PBXResourcesBuildPhase;
			buildActionMask = 2147483647;
			files = (
				13B07FBF1A68108700A75B9A /* Images.xcassets in Resources */,
				756A29B82CF049BC9B82B93A /* SFProDisplay-Black.otf in Resources */,
				827D1A6B70174C24A3C74315 /* SFProDisplay-BlackItalic.otf in Resources */,
				25A3DE2B5EE84C49ABA785B9 /* SFProDisplay-Bold.otf in Resources */,
				C55683E00D4E422EA20E8157 /* SFProDisplay-BoldItalic.otf in Resources */,
				BBD6BF688CF74C1D842C7D54 /* SFProDisplay-Heavy.otf in Resources */,
				56BAAA9B72424544B22E6369 /* SFProDisplay-HeavyItalic.otf in Resources */,
				5ED455D131984911B3078900 /* SFProDisplay-Light.otf in Resources */,
				E6588F8C40624D06A893E3BC /* SFProDisplay-LightItalic.otf in Resources */,
				C3380B1D6F1A4BE3B391873E /* SFProDisplay-Medium.otf in Resources */,
				4FAF5940D03047DABDC230AE /* SFProDisplay-MediumItalic.otf in Resources */,
				C1F0D1B72BCA495D86313039 /* SFProDisplay-Regular.otf in Resources */,
				103790BCAA6E49B8A3754D67 /* SFProDisplay-RegularItalic.otf in Resources */,
				EF68D9A01D664B1F83A0A0EF /* SFProDisplay-Semibold.otf in Resources */,
				B170AE5A10FA4BAAB08B1F43 /* SFProDisplay-SemiboldItalic.otf in Resources */,
				82D2F3E58BB94775AAF7CFA6 /* SFProDisplay-Thin.otf in Resources */,
				D210C759507044169D925DA4 /* SFProDisplay-ThinItalic.otf in Resources */,
				BE9141B4FD45461FBAA97CF1 /* SFProDisplay-Ultralight.otf in Resources */,
				24D4B30A51AC46D9983F877B /* SFProDisplay-UltralightItalic.otf in Resources */,
				529DA748B73949D48D066F7A /* Avenir-Black.ttf in Resources */,
				9325ADFA32544797A7336DC3 /* Avenir-BlackOblique.ttf in Resources */,
				BE182F81795744849131E1ED /* Avenir-Book.ttf in Resources */,
				BE9AD74864504AD0BDACE8B6 /* Avenir-BookOblique.ttf in Resources */,
				EF00B5D54D9540ECBE8D9E2D /* Avenir-Heavy.ttf in Resources */,
				0ABFD78C2BD76FEC00BCDD22 /* GoogleService-Info.plist in Resources */,
				4AD434EAE70C43289E16225F /* Avenir-HeavyOblique.ttf in Resources */,
				1765BEA49893401B9759D6A9 /* Avenir-Light.ttf in Resources */,
				B6421AA711064EA7ABC51632 /* Avenir-LightOblique.ttf in Resources */,
				519B271D6676402A8D1238C5 /* Avenir-Medium.ttf in Resources */,
				A80BA8A4CC8F4B93B1959F6A /* Avenir-MediumOblique.ttf in Resources */,
				6DB8FF15B21E4EF0A62901FC /* Avenir-Oblique.ttf in Resources */,
				DB915414BEB04AF58B82260B /* Avenir-Roman.ttf in Resources */,
				92276CC569274B7DB3437E12 /* SofiaProBlack-Italic.ttf in Resources */,
				A9137F00829B4A8CB64D5429 /* SofiaProBlack.ttf in Resources */,
				F444A031751D44ACB69BDCE2 /* SofiaProBold-Italic.ttf in Resources */,
				49613F0C09CF477CAA7FF6CC /* SofiaProBold.ttf in Resources */,
				695F40A155FC489CB8324097 /* SofiaProExtraLight-Italic.ttf in Resources */,
				A55D0DC9013646318197B370 /* SofiaProExtraLight.ttf in Resources */,
				0C74B45223F1451D80BBD704 /* SofiaProLight-Italic.ttf in Resources */,
				F72D9122919B4BAF9792D1FE /* SofiaProLight.ttf in Resources */,
				8666A0DE43E74B7AB181947A /* SofiaProMedium-Italic.ttf in Resources */,
				A1175D6EF1974BFA9D6FBFDB /* SofiaProMedium.ttf in Resources */,
				7072E78A955247BC800CD9B0 /* SofiaProRegular-Italic.ttf in Resources */,
				A5060A89EB4B41AC85AA9FBF /* SofiaProRegular.ttf in Resources */,
				905D2B86FEE54F1EBF376CA0 /* SofiaProSemiBold-Italic.ttf in Resources */,
				EEE6DC1BA369408A81E1D5D1 /* SofiaProSemiBold.ttf in Resources */,
				A6F922283B4B46DFA8356F90 /* SofiaProUltraLight-Italic.ttf in Resources */,
				954BEF9F21DA4105B94754A6 /* SofiaProUltraLight.ttf in Resources */,
				12A2D713F4D94612B0459F93 /* ZillaSlab-Bold.ttf in Resources */,
				0D6D3A891289475C93FBE62A /* ZillaSlab-BoldItalic.ttf in Resources */,
				8BFC0BD0CE4743F2B8D0D0FC /* ZillaSlab-Italic.ttf in Resources */,
				A0E07E5BC5C948A48908AFC6 /* ZillaSlab-Light.ttf in Resources */,
				6A72CD33983B4AA5AF7106D3 /* ZillaSlab-LightItalic.ttf in Resources */,
				09CD3F04E3CE441F9692E0FF /* ZillaSlab-Medium.ttf in Resources */,
				DA5C4FFF3F4E4A4783462B6E /* ZillaSlab-MediumItalic.ttf in Resources */,
				77CC9ED6B91E448AB722C062 /* ZillaSlab-Regular.ttf in Resources */,
				3DE10A4EEDE64E19B5F72F99 /* ZillaSlab-SemiBold.ttf in Resources */,
				BC22D85A66C14A068B965462 /* ZillaSlab-SemiBoldItalic.ttf in Resources */,
				A43B4CA54D704EA7808A5736 /* BootSplash.storyboard in Resources */,
			);
			runOnlyForDeploymentPostprocessing = 0;
		};
/* End PBXResourcesBuildPhase section */

/* Begin PBXShellScriptBuildPhase section */
		00DD1BFF1BD5951E006B06BC /* Bundle React Native code and images */ = {
			isa = PBXShellScriptBuildPhase;
			buildActionMask = 2147483647;
			files = (
			);
			inputPaths = (
				"$(SRCROOT)/.xcode.env.local",
				"$(SRCROOT)/.xcode.env",
			);
			name = "Bundle React Native code and images";
			outputPaths = (
			);
			runOnlyForDeploymentPostprocessing = 0;
			shellPath = /bin/sh;
			shellScript = "set -e\n\nWITH_ENVIRONMENT=\"../node_modules/react-native/scripts/xcode/with-environment.sh\"\nREACT_NATIVE_XCODE=\"../node_modules/react-native/scripts/react-native-xcode.sh\"\n\n/bin/sh -c \"$WITH_ENVIRONMENT $REACT_NATIVE_XCODE\"\n";
		};
		00EEFC60759A1932668264C0 /* [CP] Embed Pods Frameworks */ = {
			isa = PBXShellScriptBuildPhase;
			buildActionMask = 2147483647;
			files = (
			);
			inputFileListPaths = (
				"${PODS_ROOT}/Target Support Files/Pods-Splitsies/Pods-Splitsies-frameworks-${CONFIGURATION}-input-files.xcfilelist",
			);
			name = "[CP] Embed Pods Frameworks";
			outputFileListPaths = (
				"${PODS_ROOT}/Target Support Files/Pods-Splitsies/Pods-Splitsies-frameworks-${CONFIGURATION}-output-files.xcfilelist",
			);
			runOnlyForDeploymentPostprocessing = 0;
			shellPath = /bin/sh;
			shellScript = "\"${PODS_ROOT}/Target Support Files/Pods-Splitsies/Pods-Splitsies-frameworks.sh\"\n";
			showEnvVarsInLog = 0;
		};
		5351249C0FE697291593A898 /* [CP-User] [RNFB] Core Configuration */ = {
			isa = PBXShellScriptBuildPhase;
			buildActionMask = 2147483647;
			files = (
			);
			inputPaths = (
				"$(BUILT_PRODUCTS_DIR)/$(INFOPLIST_PATH)",
			);
			name = "[CP-User] [RNFB] Core Configuration";
			runOnlyForDeploymentPostprocessing = 0;
			shellPath = /bin/sh;
			shellScript = "#!/usr/bin/env bash\n#\n# Copyright (c) 2016-present Invertase Limited & Contributors\n#\n# Licensed under the Apache License, Version 2.0 (the \"License\");\n# you may not use this library except in compliance with the License.\n# You may obtain a copy of the License at\n#\n#   http://www.apache.org/licenses/LICENSE-2.0\n#\n# Unless required by applicable law or agreed to in writing, software\n# distributed under the License is distributed on an \"AS IS\" BASIS,\n# WITHOUT WARRANTIES OR CONDITIONS OF ANY KIND, either express or implied.\n# See the License for the specific language governing permissions and\n# limitations under the License.\n#\n\n##########################################################################\n##########################################################################\n#\n#  NOTE THAT IF YOU CHANGE THIS FILE YOU MUST RUN pod install AFTERWARDS\n#\n#  This file is installed as an Xcode build script in the project file\n#  by cocoapods, and you will not see your changes until you pod install\n#\n##########################################################################\n##########################################################################\n\nset -e\n\n_MAX_LOOKUPS=2;\n_SEARCH_RESULT=''\n_RN_ROOT_EXISTS=''\n_CURRENT_LOOKUPS=1\n_JSON_ROOT=\"'react-native'\"\n_JSON_FILE_NAME='firebase.json'\n_JSON_OUTPUT_BASE64='e30=' # { }\n_CURRENT_SEARCH_DIR=${PROJECT_DIR}\n_PLIST_BUDDY=/usr/libexec/PlistBuddy\n_TARGET_PLIST=\"${BUILT_PRODUCTS_DIR}/${INFOPLIST_PATH}\"\n_DSYM_PLIST=\"${DWARF_DSYM_FOLDER_PATH}/${DWARF_DSYM_FILE_NAME}/Contents/Info.plist\"\n\n# plist arrays\n_PLIST_ENTRY_KEYS=()\n_PLIST_ENTRY_TYPES=()\n_PLIST_ENTRY_VALUES=()\n\nfunction setPlistValue {\n  echo \"info:      setting plist entry '$1' of type '$2' in file '$4'\"\n  ${_PLIST_BUDDY} -c \"Add :$1 $2 '$3'\" $4 || echo \"info:      '$1' already exists\"\n}\n\nfunction getFirebaseJsonKeyValue () {\n  if [[ ${_RN_ROOT_EXISTS} ]]; then\n    ruby -Ku -e \"require 'rubygems';require 'json'; output=JSON.parse('$1'); puts output[$_JSON_ROOT]['$2']\"\n  else\n    echo \"\"\n  fi;\n}\n\nfunction jsonBoolToYesNo () {\n  if [[ $1 == \"false\" ]]; then\n    echo \"NO\"\n  elif [[ $1 == \"true\" ]]; then\n    echo \"YES\"\n  else echo \"NO\"\n  fi\n}\n\necho \"info: -> RNFB build script started\"\necho \"info: 1) Locating ${_JSON_FILE_NAME} file:\"\n\nif [[ -z ${_CURRENT_SEARCH_DIR} ]]; then\n  _CURRENT_SEARCH_DIR=$(pwd)\nfi;\n\nwhile true; do\n  _CURRENT_SEARCH_DIR=$(dirname \"$_CURRENT_SEARCH_DIR\")\n  if [[ \"$_CURRENT_SEARCH_DIR\" == \"/\" ]] || [[ ${_CURRENT_LOOKUPS} -gt ${_MAX_LOOKUPS} ]]; then break; fi;\n  echo \"info:      ($_CURRENT_LOOKUPS of $_MAX_LOOKUPS) Searching in '$_CURRENT_SEARCH_DIR' for a ${_JSON_FILE_NAME} file.\"\n  _SEARCH_RESULT=$(find \"$_CURRENT_SEARCH_DIR\" -maxdepth 2 -name ${_JSON_FILE_NAME} -print | /usr/bin/head -n 1)\n  if [[ ${_SEARCH_RESULT} ]]; then\n    echo \"info:      ${_JSON_FILE_NAME} found at $_SEARCH_RESULT\"\n    break;\n  fi;\n  _CURRENT_LOOKUPS=$((_CURRENT_LOOKUPS+1))\ndone\n\nif [[ ${_SEARCH_RESULT} ]]; then\n  _JSON_OUTPUT_RAW=$(cat \"${_SEARCH_RESULT}\")\n  _RN_ROOT_EXISTS=$(ruby -Ku -e \"require 'rubygems';require 'json'; output=JSON.parse('$_JSON_OUTPUT_RAW'); puts output[$_JSON_ROOT]\" || echo '')\n\n  if [[ ${_RN_ROOT_EXISTS} ]]; then\n    if ! python3 --version >/dev/null 2>&1; then echo \"python3 not found, firebase.json file processing error.\" && exit 1; fi\n    _JSON_OUTPUT_BASE64=$(python3 -c 'import json,sys,base64;print(base64.b64encode(bytes(json.dumps(json.loads(open('\"'${_SEARCH_RESULT}'\"', '\"'rb'\"').read())['${_JSON_ROOT}']), '\"'utf-8'\"')).decode())' || echo \"e30=\")\n  fi\n\n  _PLIST_ENTRY_KEYS+=(\"firebase_json_raw\")\n  _PLIST_ENTRY_TYPES+=(\"string\")\n  _PLIST_ENTRY_VALUES+=(\"$_JSON_OUTPUT_BASE64\")\n\n  # config.app_data_collection_default_enabled\n  _APP_DATA_COLLECTION_ENABLED=$(getFirebaseJsonKeyValue \"$_JSON_OUTPUT_RAW\" \"app_data_collection_default_enabled\")\n  if [[ $_APP_DATA_COLLECTION_ENABLED ]]; then\n    _PLIST_ENTRY_KEYS+=(\"FirebaseDataCollectionDefaultEnabled\")\n    _PLIST_ENTRY_TYPES+=(\"bool\")\n    _PLIST_ENTRY_VALUES+=(\"$(jsonBoolToYesNo \"$_APP_DATA_COLLECTION_ENABLED\")\")\n  fi\n\n  # config.analytics_auto_collection_enabled\n  _ANALYTICS_AUTO_COLLECTION=$(getFirebaseJsonKeyValue \"$_JSON_OUTPUT_RAW\" \"analytics_auto_collection_enabled\")\n  if [[ $_ANALYTICS_AUTO_COLLECTION ]]; then\n    _PLIST_ENTRY_KEYS+=(\"FIREBASE_ANALYTICS_COLLECTION_ENABLED\")\n    _PLIST_ENTRY_TYPES+=(\"bool\")\n    _PLIST_ENTRY_VALUES+=(\"$(jsonBoolToYesNo \"$_ANALYTICS_AUTO_COLLECTION\")\")\n  fi\n\n  # config.analytics_collection_deactivated\n  _ANALYTICS_DEACTIVATED=$(getFirebaseJsonKeyValue \"$_JSON_OUTPUT_RAW\" \"analytics_collection_deactivated\")\n  if [[ $_ANALYTICS_DEACTIVATED ]]; then\n    _PLIST_ENTRY_KEYS+=(\"FIREBASE_ANALYTICS_COLLECTION_DEACTIVATED\")\n    _PLIST_ENTRY_TYPES+=(\"bool\")\n    _PLIST_ENTRY_VALUES+=(\"$(jsonBoolToYesNo \"$_ANALYTICS_DEACTIVATED\")\")\n  fi\n\n  # config.analytics_idfv_collection_enabled\n  _ANALYTICS_IDFV_COLLECTION=$(getFirebaseJsonKeyValue \"$_JSON_OUTPUT_RAW\" \"analytics_idfv_collection_enabled\")\n  if [[ $_ANALYTICS_IDFV_COLLECTION ]]; then\n    _PLIST_ENTRY_KEYS+=(\"GOOGLE_ANALYTICS_IDFV_COLLECTION_ENABLED\")\n    _PLIST_ENTRY_TYPES+=(\"bool\")\n    _PLIST_ENTRY_VALUES+=(\"$(jsonBoolToYesNo \"$_ANALYTICS_IDFV_COLLECTION\")\")\n  fi\n\n  # config.analytics_default_allow_analytics_storage\n  _ANALYTICS_STORAGE=$(getFirebaseJsonKeyValue \"$_JSON_OUTPUT_RAW\" \"analytics_default_allow_analytics_storage\")\n  if [[ $_ANALYTICS_STORAGE ]]; then\n    _PLIST_ENTRY_KEYS+=(\"GOOGLE_ANALYTICS_DEFAULT_ALLOW_ANALYTICS_STORAGE\")\n    _PLIST_ENTRY_TYPES+=(\"bool\")\n    _PLIST_ENTRY_VALUES+=(\"$(jsonBoolToYesNo \"$_ANALYTICS_STORAGE\")\")\n  fi\n\n  # config.analytics_default_allow_ad_storage\n  _ANALYTICS_AD_STORAGE=$(getFirebaseJsonKeyValue \"$_JSON_OUTPUT_RAW\" \"analytics_default_allow_ad_storage\")\n  if [[ $_ANALYTICS_AD_STORAGE ]]; then\n    _PLIST_ENTRY_KEYS+=(\"GOOGLE_ANALYTICS_DEFAULT_ALLOW_AD_STORAGE\")\n    _PLIST_ENTRY_TYPES+=(\"bool\")\n    _PLIST_ENTRY_VALUES+=(\"$(jsonBoolToYesNo \"$_ANALYTICS_AD_STORAGE\")\")\n  fi\n\n  # config.analytics_default_allow_ad_user_data\n  _ANALYTICS_AD_USER_DATA=$(getFirebaseJsonKeyValue \"$_JSON_OUTPUT_RAW\" \"analytics_default_allow_ad_user_data\")\n  if [[ $_ANALYTICS_AD_USER_DATA ]]; then\n    _PLIST_ENTRY_KEYS+=(\"GOOGLE_ANALYTICS_DEFAULT_ALLOW_AD_USER_DATA\")\n    _PLIST_ENTRY_TYPES+=(\"bool\")\n    _PLIST_ENTRY_VALUES+=(\"$(jsonBoolToYesNo \"$_ANALYTICS_AD_USER_DATA\")\")\n  fi\n\n  # config.analytics_default_allow_ad_personalization_signals\n  _ANALYTICS_PERSONALIZATION=$(getFirebaseJsonKeyValue \"$_JSON_OUTPUT_RAW\" \"analytics_default_allow_ad_personalization_signals\")\n  if [[ $_ANALYTICS_PERSONALIZATION ]]; then\n    _PLIST_ENTRY_KEYS+=(\"GOOGLE_ANALYTICS_DEFAULT_ALLOW_AD_PERSONALIZATION_SIGNALS\")\n    _PLIST_ENTRY_TYPES+=(\"bool\")\n    _PLIST_ENTRY_VALUES+=(\"$(jsonBoolToYesNo \"$_ANALYTICS_PERSONALIZATION\")\")\n  fi\n\n  # config.analytics_registration_with_ad_network_enabled\n  _ANALYTICS_REGISTRATION_WITH_AD_NETWORK=$(getFirebaseJsonKeyValue \"$_JSON_OUTPUT_RAW\" \"google_analytics_registration_with_ad_network_enabled\")\n  if [[ $_ANALYTICS_REGISTRATION_WITH_AD_NETWORK ]]; then\n    _PLIST_ENTRY_KEYS+=(\"GOOGLE_ANALYTICS_REGISTRATION_WITH_AD_NETWORK_ENABLED\")\n    _PLIST_ENTRY_TYPES+=(\"bool\")\n    _PLIST_ENTRY_VALUES+=(\"$(jsonBoolToYesNo \"$_ANALYTICS_REGISTRATION_WITH_AD_NETWORK\")\")\n  fi\n\n  # config.google_analytics_automatic_screen_reporting_enabled\n  _ANALYTICS_AUTO_SCREEN_REPORTING=$(getFirebaseJsonKeyValue \"$_JSON_OUTPUT_RAW\" \"google_analytics_automatic_screen_reporting_enabled\")\n  if [[ $_ANALYTICS_AUTO_SCREEN_REPORTING ]]; then\n    _PLIST_ENTRY_KEYS+=(\"FirebaseAutomaticScreenReportingEnabled\")\n    _PLIST_ENTRY_TYPES+=(\"bool\")\n    _PLIST_ENTRY_VALUES+=(\"$(jsonBoolToYesNo \"$_ANALYTICS_AUTO_SCREEN_REPORTING\")\")\n  fi\n\n  # config.perf_auto_collection_enabled\n  _PERF_AUTO_COLLECTION=$(getFirebaseJsonKeyValue \"$_JSON_OUTPUT_RAW\" \"perf_auto_collection_enabled\")\n  if [[ $_PERF_AUTO_COLLECTION ]]; then\n    _PLIST_ENTRY_KEYS+=(\"firebase_performance_collection_enabled\")\n    _PLIST_ENTRY_TYPES+=(\"bool\")\n    _PLIST_ENTRY_VALUES+=(\"$(jsonBoolToYesNo \"$_PERF_AUTO_COLLECTION\")\")\n  fi\n\n  # config.perf_collection_deactivated\n  _PERF_DEACTIVATED=$(getFirebaseJsonKeyValue \"$_JSON_OUTPUT_RAW\" \"perf_collection_deactivated\")\n  if [[ $_PERF_DEACTIVATED ]]; then\n    _PLIST_ENTRY_KEYS+=(\"firebase_performance_collection_deactivated\")\n    _PLIST_ENTRY_TYPES+=(\"bool\")\n    _PLIST_ENTRY_VALUES+=(\"$(jsonBoolToYesNo \"$_PERF_DEACTIVATED\")\")\n  fi\n\n  # config.messaging_auto_init_enabled\n  _MESSAGING_AUTO_INIT=$(getFirebaseJsonKeyValue \"$_JSON_OUTPUT_RAW\" \"messaging_auto_init_enabled\")\n  if [[ $_MESSAGING_AUTO_INIT ]]; then\n    _PLIST_ENTRY_KEYS+=(\"FirebaseMessagingAutoInitEnabled\")\n    _PLIST_ENTRY_TYPES+=(\"bool\")\n    _PLIST_ENTRY_VALUES+=(\"$(jsonBoolToYesNo \"$_MESSAGING_AUTO_INIT\")\")\n  fi\n\n  # config.in_app_messaging_auto_colllection_enabled\n  _FIAM_AUTO_INIT=$(getFirebaseJsonKeyValue \"$_JSON_OUTPUT_RAW\" \"in_app_messaging_auto_collection_enabled\")\n  if [[ $_FIAM_AUTO_INIT ]]; then\n    _PLIST_ENTRY_KEYS+=(\"FirebaseInAppMessagingAutomaticDataCollectionEnabled\")\n    _PLIST_ENTRY_TYPES+=(\"bool\")\n    _PLIST_ENTRY_VALUES+=(\"$(jsonBoolToYesNo \"$_FIAM_AUTO_INIT\")\")\n  fi\n\n  # config.app_check_token_auto_refresh\n  _APP_CHECK_TOKEN_AUTO_REFRESH=$(getFirebaseJsonKeyValue \"$_JSON_OUTPUT_RAW\" \"app_check_token_auto_refresh\")\n  if [[ $_APP_CHECK_TOKEN_AUTO_REFRESH ]]; then\n    _PLIST_ENTRY_KEYS+=(\"FirebaseAppCheckTokenAutoRefreshEnabled\")\n    _PLIST_ENTRY_TYPES+=(\"bool\")\n    _PLIST_ENTRY_VALUES+=(\"$(jsonBoolToYesNo \"$_APP_CHECK_TOKEN_AUTO_REFRESH\")\")\n  fi\n\n  # config.crashlytics_disable_auto_disabler - undocumented for now - mainly for debugging, document if becomes useful\n  _CRASHLYTICS_AUTO_DISABLE_ENABLED=$(getFirebaseJsonKeyValue \"$_JSON_OUTPUT_RAW\" \"crashlytics_disable_auto_disabler\")\n  if [[ $_CRASHLYTICS_AUTO_DISABLE_ENABLED == \"true\" ]]; then\n    echo \"Disabled Crashlytics auto disabler.\" # do nothing\n  else\n    _PLIST_ENTRY_KEYS+=(\"FirebaseCrashlyticsCollectionEnabled\")\n    _PLIST_ENTRY_TYPES+=(\"bool\")\n    _PLIST_ENTRY_VALUES+=(\"NO\")\n  fi\nelse\n  _PLIST_ENTRY_KEYS+=(\"firebase_json_raw\")\n  _PLIST_ENTRY_TYPES+=(\"string\")\n  _PLIST_ENTRY_VALUES+=(\"$_JSON_OUTPUT_BASE64\")\n  echo \"warning:   A firebase.json file was not found, whilst this file is optional it is recommended to include it to configure firebase services in React Native Firebase.\"\nfi;\n\necho \"info: 2) Injecting Info.plist entries: \"\n\n# Log out the keys we're adding\nfor i in \"${!_PLIST_ENTRY_KEYS[@]}\"; do\n  echo \"    ->  $i) ${_PLIST_ENTRY_KEYS[$i]}\" \"${_PLIST_ENTRY_TYPES[$i]}\" \"${_PLIST_ENTRY_VALUES[$i]}\"\ndone\n\nfor plist in \"${_TARGET_PLIST}\" \"${_DSYM_PLIST}\" ; do\n  if [[ -f \"${plist}\" ]]; then\n\n    # paths with spaces break the call to setPlistValue. temporarily modify\n    # the shell internal field separator variable (IFS), which normally\n    # includes spaces, to consist only of line breaks\n    oldifs=$IFS\n    IFS=\"\n\"\n\n    for i in \"${!_PLIST_ENTRY_KEYS[@]}\"; do\n      setPlistValue \"${_PLIST_ENTRY_KEYS[$i]}\" \"${_PLIST_ENTRY_TYPES[$i]}\" \"${_PLIST_ENTRY_VALUES[$i]}\" \"${plist}\"\n    done\n\n    # restore the original internal field separator value\n    IFS=$oldifs\n  else\n    echo \"warning:   A Info.plist build output file was not found (${plist})\"\n  fi\ndone\n\necho \"info: <- RNFB build script finished\"\n";
		};
		A55EABD7B0C7F3A422A6CC61 /* [CP] Check Pods Manifest.lock */ = {
			isa = PBXShellScriptBuildPhase;
			buildActionMask = 2147483647;
			files = (
			);
			inputFileListPaths = (
			);
			inputPaths = (
				"${PODS_PODFILE_DIR_PATH}/Podfile.lock",
				"${PODS_ROOT}/Manifest.lock",
			);
			name = "[CP] Check Pods Manifest.lock";
			outputFileListPaths = (
			);
			outputPaths = (
				"$(DERIVED_FILE_DIR)/Pods-Splitsies-SplitsiesTests-checkManifestLockResult.txt",
			);
			runOnlyForDeploymentPostprocessing = 0;
			shellPath = /bin/sh;
			shellScript = "diff \"${PODS_PODFILE_DIR_PATH}/Podfile.lock\" \"${PODS_ROOT}/Manifest.lock\" > /dev/null\nif [ $? != 0 ] ; then\n    # print error to STDERR\n    echo \"error: The sandbox is not in sync with the Podfile.lock. Run 'pod install' or update your CocoaPods installation.\" >&2\n    exit 1\nfi\n# This output is used by Xcode 'outputs' to avoid re-running this script phase.\necho \"SUCCESS\" > \"${SCRIPT_OUTPUT_FILE_0}\"\n";
			showEnvVarsInLog = 0;
		};
		C38B50BA6285516D6DCD4F65 /* [CP] Check Pods Manifest.lock */ = {
			isa = PBXShellScriptBuildPhase;
			buildActionMask = 2147483647;
			files = (
			);
			inputFileListPaths = (
			);
			inputPaths = (
				"${PODS_PODFILE_DIR_PATH}/Podfile.lock",
				"${PODS_ROOT}/Manifest.lock",
			);
			name = "[CP] Check Pods Manifest.lock";
			outputFileListPaths = (
			);
			outputPaths = (
				"$(DERIVED_FILE_DIR)/Pods-Splitsies-checkManifestLockResult.txt",
			);
			runOnlyForDeploymentPostprocessing = 0;
			shellPath = /bin/sh;
			shellScript = "diff \"${PODS_PODFILE_DIR_PATH}/Podfile.lock\" \"${PODS_ROOT}/Manifest.lock\" > /dev/null\nif [ $? != 0 ] ; then\n    # print error to STDERR\n    echo \"error: The sandbox is not in sync with the Podfile.lock. Run 'pod install' or update your CocoaPods installation.\" >&2\n    exit 1\nfi\n# This output is used by Xcode 'outputs' to avoid re-running this script phase.\necho \"SUCCESS\" > \"${SCRIPT_OUTPUT_FILE_0}\"\n";
			showEnvVarsInLog = 0;
		};
		C59DA0FBD6956966B86A3779 /* [CP] Embed Pods Frameworks */ = {
			isa = PBXShellScriptBuildPhase;
			buildActionMask = 2147483647;
			files = (
			);
			inputFileListPaths = (
				"${PODS_ROOT}/Target Support Files/Pods-Splitsies-SplitsiesTests/Pods-Splitsies-SplitsiesTests-frameworks-${CONFIGURATION}-input-files.xcfilelist",
			);
			name = "[CP] Embed Pods Frameworks";
			outputFileListPaths = (
				"${PODS_ROOT}/Target Support Files/Pods-Splitsies-SplitsiesTests/Pods-Splitsies-SplitsiesTests-frameworks-${CONFIGURATION}-output-files.xcfilelist",
			);
			runOnlyForDeploymentPostprocessing = 0;
			shellPath = /bin/sh;
			shellScript = "\"${PODS_ROOT}/Target Support Files/Pods-Splitsies-SplitsiesTests/Pods-Splitsies-SplitsiesTests-frameworks.sh\"\n";
			showEnvVarsInLog = 0;
		};
		E235C05ADACE081382539298 /* [CP] Copy Pods Resources */ = {
			isa = PBXShellScriptBuildPhase;
			buildActionMask = 2147483647;
			files = (
			);
			inputFileListPaths = (
				"${PODS_ROOT}/Target Support Files/Pods-Splitsies/Pods-Splitsies-resources-${CONFIGURATION}-input-files.xcfilelist",
			);
			name = "[CP] Copy Pods Resources";
			outputFileListPaths = (
				"${PODS_ROOT}/Target Support Files/Pods-Splitsies/Pods-Splitsies-resources-${CONFIGURATION}-output-files.xcfilelist",
			);
			runOnlyForDeploymentPostprocessing = 0;
			shellPath = /bin/sh;
			shellScript = "\"${PODS_ROOT}/Target Support Files/Pods-Splitsies/Pods-Splitsies-resources.sh\"\n";
			showEnvVarsInLog = 0;
		};
		ECAF2CB0EF068B2650098E57 /* [CP-User] [RNGoogleMobileAds] Configuration */ = {
			isa = PBXShellScriptBuildPhase;
			buildActionMask = 2147483647;
			files = (
			);
			inputPaths = (
				"$(BUILT_PRODUCTS_DIR)/$(INFOPLIST_PATH)",
			);
			name = "[CP-User] [RNGoogleMobileAds] Configuration";
			runOnlyForDeploymentPostprocessing = 0;
			shellPath = /bin/sh;
			shellScript = "#!/usr/bin/env bash\n#\n# Copyright (c) 2016-present Invertase Limited & Contributors\n#\n# Licensed under the Apache License, Version 2.0 (the \"License\");\n# you may not use this library except in compliance with the License.\n# You may obtain a copy of the License at\n#\n#   http://www.apache.org/licenses/LICENSE-2.0\n#\n# Unless required by applicable law or agreed to in writing, software\n# distributed under the License is distributed on an \"AS IS\" BASIS,\n# WITHOUT WARRANTIES OR CONDITIONS OF ANY KIND, either express or implied.\n# See the License for the specific language governing permissions and\n# limitations under the License.\n#\n\n##########################################################################\n##########################################################################\n#\n#  NOTE THAT IF YOU CHANGE THIS FILE YOU MUST RUN pod install AFTERWARDS\n#\n#  This file is installed as an Xcode build script in the project file\n#  by cocoapods, and you will not see your changes until you pod install\n#\n##########################################################################\n##########################################################################\n\nset -e\n\nif [[ -f \"$PODS_ROOT/../.xcode.env\" ]]; then\n  source \"$PODS_ROOT/../.xcode.env\"\nfi\nif [[ -f \"$PODS_ROOT/../.xcode.env.local\" ]]; then\n  source \"$PODS_ROOT/../.xcode.env.local\"\nfi\n\n_MAX_LOOKUPS=2;\n_SEARCH_RESULT=''\n_RN_ROOT_EXISTS=''\n_CURRENT_LOOKUPS=1\n_PROJECT_ABBREVIATION=\"RNGoogleMobileAds\"\n_JSON_ROOT=\"'react-native-google-mobile-ads'\"\n_JSON_FILE_NAME='app.json'\n_JS_APP_CONFIG_FILE_NAME='app.config.js'\n_JSON_OUTPUT_BASE64='e30=' # { }\n_CURRENT_SEARCH_DIR=${PROJECT_DIR}\n_PLIST_BUDDY=/usr/libexec/PlistBuddy\n_TARGET_PLIST=\"${BUILT_PRODUCTS_DIR}/${INFOPLIST_PATH}\"\n_DSYM_PLIST=\"${DWARF_DSYM_FOLDER_PATH}/${DWARF_DSYM_FILE_NAME}/Contents/Info.plist\"\n_IS_CONFIG_JS=false\n\n# plist arrays\n_PLIST_ENTRY_KEYS=()\n_PLIST_ENTRY_TYPES=()\n_PLIST_ENTRY_VALUES=()\n\nfunction setPlistValue {\n  echo \"info:      setting plist entry '$1' of type '$2' in file '$4'\"\n  ${_PLIST_BUDDY} -c \"Add :$1 $2 '$3'\" $4 || echo \"info:      '$1' already exists\"\n}\n\nfunction getJsonKeyValue () {\n  if [[ ${_RN_ROOT_EXISTS} ]]; then\n    ruby -KU -e \"require 'rubygems';require 'json'; output=JSON.parse('$1'); puts output[$_JSON_ROOT]['$2']\"\n  else\n    echo \"\"\n  fi;\n}\n\nfunction jsonBoolToYesNo () {\n  if [[ $1 == \"false\" ]]; then\n    echo \"NO\"\n  elif [[ $1 == \"true\" ]]; then\n    echo \"YES\"\n  else echo \"NO\"\n  fi\n}\n\necho \"info: -> ${_PROJECT_ABBREVIATION} build script started\"\necho \"info: 1) Locating ${_JSON_FILE_NAME} file:\"\n\nif [[ -z ${_CURRENT_SEARCH_DIR} ]]; then\n  _CURRENT_SEARCH_DIR=$(pwd)\nfi;\n\nwhile true; do\n  _CURRENT_SEARCH_DIR=$(dirname \"$_CURRENT_SEARCH_DIR\")\n\n  if [[ \"$_CURRENT_SEARCH_DIR\" == \"/\" ]] || [[ ${_CURRENT_LOOKUPS} -gt ${_MAX_LOOKUPS} ]]; then\n    break;\n  fi;\n\n  echo \"info:      ($_CURRENT_LOOKUPS of $_MAX_LOOKUPS) Searching in '$_CURRENT_SEARCH_DIR' for a ${_JSON_FILE_NAME}/${_JS_APP_CONFIG_FILE_NAME} file.\"\n\n  _SEARCH_RESULT=$(find \"$_CURRENT_SEARCH_DIR\" -maxdepth 2 \\( -name ${_JSON_FILE_NAME} -o -name ${_JS_APP_CONFIG_FILE_NAME} \\) -print | /usr/bin/head -n 1)\n\n  if [[ \"$(basename ${_SEARCH_RESULT})\" = \"${_JS_APP_CONFIG_FILE_NAME}\" ]]; then\n    _IS_CONFIG_JS=true\n    echo \"info:      ${_JS_APP_CONFIG_FILE_NAME} found at $_SEARCH_RESULT\"\n    break;\n  fi;\n\n  if [[ \"$(basename ${_SEARCH_RESULT})\" = \"${_JSON_FILE_NAME}\" ]]; then\n    echo \"info:      ${_JSON_FILE_NAME} found at ${_SEARCH_RESULT}\"\n    break;\n  fi;\n\n  _CURRENT_LOOKUPS=$((_CURRENT_LOOKUPS+1))\ndone\n\nif [[ ${_SEARCH_RESULT} ]]; then\n  if [[ ${_IS_CONFIG_JS} == \"true\" ]]; then\n    _JSON_OUTPUT_RAW=$(\"${NODE_BINARY}\" -e \"console.log(JSON.stringify(require('${_SEARCH_RESULT}')));\")\n  else\n    _JSON_OUTPUT_RAW=$(cat \"${_SEARCH_RESULT}\")\n  fi;\n\n  _RN_ROOT_EXISTS=$(ruby -KU -e \"require 'rubygems';require 'json'; output=JSON.parse('$_JSON_OUTPUT_RAW'); puts output[$_JSON_ROOT]\" || echo '')\n\n  if [[ ${_RN_ROOT_EXISTS} ]]; then\n    if ! python3 --version >/dev/null 2>&1; then echo \"python3 not found, app.json file processing error.\" && exit 1; fi\n    _JSON_OUTPUT_BASE64=$(python3 -c 'import json,sys,base64;print(base64.b64encode(bytes(json.dumps(json.loads(open('\"'${_SEARCH_RESULT}'\"', '\"'rb'\"').read())['${_JSON_ROOT}']), '\"'utf-8'\"')).decode())' || echo \"e30=\")\n  fi\n\n  _PLIST_ENTRY_KEYS+=(\"google_mobile_ads_json_raw\")\n  _PLIST_ENTRY_TYPES+=(\"string\")\n  _PLIST_ENTRY_VALUES+=(\"$_JSON_OUTPUT_BASE64\")\n\n  # config.delay_app_measurement_init\n  _DELAY_APP_MEASUREMENT=$(getJsonKeyValue \"$_JSON_OUTPUT_RAW\" \"delay_app_measurement_init\")\n  if [[ $_DELAY_APP_MEASUREMENT == \"true\" ]]; then\n    _PLIST_ENTRY_KEYS+=(\"GADDelayAppMeasurementInit\")\n    _PLIST_ENTRY_TYPES+=(\"bool\")\n    _PLIST_ENTRY_VALUES+=(\"YES\")\n  fi\n\n  # config.ios_app_id\n  _IOS_APP_ID=$(getJsonKeyValue \"$_JSON_OUTPUT_RAW\" \"ios_app_id\")\n  if [[ $_IOS_APP_ID ]]; then\n    _PLIST_ENTRY_KEYS+=(\"GADApplicationIdentifier\")\n    _PLIST_ENTRY_TYPES+=(\"string\")\n    _PLIST_ENTRY_VALUES+=(\"$_IOS_APP_ID\")\n  fi\n\n  # config.sk_ad_network_items\n  _SK_AD_NETWORK_ITEMS=$(getJsonKeyValue \"$_JSON_OUTPUT_RAW\" \"sk_ad_network_items\")\n  if [[ $_SK_AD_NETWORK_ITEMS ]]; then\n    _PLIST_ENTRY_KEYS+=(\"SKAdNetworkItems\")\n    _PLIST_ENTRY_TYPES+=(\"array\")\n    _PLIST_ENTRY_VALUES+=(\"\")\n\n    oldifs=$IFS\n    IFS=\"\n\"\n    array=($(echo \"$_SK_AD_NETWORK_ITEMS\"))\n    IFS=$oldifs\n    for i in \"${!array[@]}\"; do\n      _PLIST_ENTRY_KEYS+=(\"SKAdNetworkItems:$i:SKAdNetworkIdentifier\")\n      _PLIST_ENTRY_TYPES+=(\"string\")\n      _PLIST_ENTRY_VALUES+=(\"${array[i]}\")  \n    done\n  fi\n\n    # config.user_tracking_usage_description\n  _USER_TRACKING_USAGE_DESCRIPTION=$(getJsonKeyValue \"$_JSON_OUTPUT_RAW\" \"user_tracking_usage_description\")\n  if [[ $_USER_TRACKING_USAGE_DESCRIPTION ]]; then\n    _PLIST_ENTRY_KEYS+=(\"NSUserTrackingUsageDescription\")\n    _PLIST_ENTRY_TYPES+=(\"string\")\n    _PLIST_ENTRY_VALUES+=(\"$_USER_TRACKING_USAGE_DESCRIPTION\")\n  fi\nelse\n  _PLIST_ENTRY_KEYS+=(\"google_mobile_ads_json_raw\")\n  _PLIST_ENTRY_TYPES+=(\"string\")\n  _PLIST_ENTRY_VALUES+=(\"$_JSON_OUTPUT_BASE64\")\n  echo \"warning:   A ${_JSON_FILE_NAME} file was not found, whilst this file is optional it is recommended to include it to auto-configure services.\"\nfi;\n\necho \"info: 2) Injecting Info.plist entries: \"\n\n# Log out the keys we're adding\nfor i in \"${!_PLIST_ENTRY_KEYS[@]}\"; do\n  echo \"    ->  $i) ${_PLIST_ENTRY_KEYS[$i]}\" \"${_PLIST_ENTRY_TYPES[$i]}\" \"${_PLIST_ENTRY_VALUES[$i]}\"\ndone\n\nif ! [[ -f \"${_TARGET_PLIST}\" ]]; then\n  echo \"error: unable to locate Info.plist to set properties. App will crash without GADApplicationIdentifier set.\"\n  exit 1\nfi\n\nif ! [[ $_IOS_APP_ID ]]; then\n  echo \"error: ios_app_id key not found in react-native-google-mobile-ads key in app.json. App will crash without it.\"\n  exit 1\nfi\n\nfor plist in \"${_TARGET_PLIST}\" \"${_DSYM_PLIST}\" ; do\n  if [[ -f \"${plist}\" ]]; then\n\n    # paths with spaces break the call to setPlistValue. temporarily modify\n    # the shell internal field separator variable (IFS), which normally\n    # includes spaces, to consist only of line breaks\n    oldifs=$IFS\n    IFS=\"\n\"\n\n    for i in \"${!_PLIST_ENTRY_KEYS[@]}\"; do\n      setPlistValue \"${_PLIST_ENTRY_KEYS[$i]}\" \"${_PLIST_ENTRY_TYPES[$i]}\" \"${_PLIST_ENTRY_VALUES[$i]}\" \"${plist}\"\n    done\n\n    # restore the original internal field separator value\n    IFS=$oldifs\n  else\n    echo \"warning:   A Info.plist build output file was not found (${plist})\"\n  fi\ndone\n\necho \"info: <- ${_PROJECT_ABBREVIATION} build script finished\"\n\n";
		};
		F6A41C54EA430FDDC6A6ED99 /* [CP] Copy Pods Resources */ = {
			isa = PBXShellScriptBuildPhase;
			buildActionMask = 2147483647;
			files = (
			);
			inputFileListPaths = (
				"${PODS_ROOT}/Target Support Files/Pods-Splitsies-SplitsiesTests/Pods-Splitsies-SplitsiesTests-resources-${CONFIGURATION}-input-files.xcfilelist",
			);
			name = "[CP] Copy Pods Resources";
			outputFileListPaths = (
				"${PODS_ROOT}/Target Support Files/Pods-Splitsies-SplitsiesTests/Pods-Splitsies-SplitsiesTests-resources-${CONFIGURATION}-output-files.xcfilelist",
			);
			runOnlyForDeploymentPostprocessing = 0;
			shellPath = /bin/sh;
			shellScript = "\"${PODS_ROOT}/Target Support Files/Pods-Splitsies-SplitsiesTests/Pods-Splitsies-SplitsiesTests-resources.sh\"\n";
			showEnvVarsInLog = 0;
		};
		FD10A7F022414F080027D42C /* Start Packager */ = {
			isa = PBXShellScriptBuildPhase;
			buildActionMask = 2147483647;
			files = (
			);
			inputFileListPaths = (
			);
			inputPaths = (
			);
			name = "Start Packager";
			outputFileListPaths = (
			);
			outputPaths = (
			);
			runOnlyForDeploymentPostprocessing = 0;
			shellPath = /bin/sh;
			shellScript = "export RCT_METRO_PORT=\"${RCT_METRO_PORT:=8081}\"\necho \"export RCT_METRO_PORT=${RCT_METRO_PORT}\" > \"${SRCROOT}/../node_modules/react-native/scripts/.packager.env\"\nif [ -z \"${RCT_NO_LAUNCH_PACKAGER+xxx}\" ] ; then\n  if nc -w 5 -z localhost ${RCT_METRO_PORT} ; then\n    if ! curl -s \"http://localhost:${RCT_METRO_PORT}/status\" | grep -q \"packager-status:running\" ; then\n      echo \"Port ${RCT_METRO_PORT} already in use, packager is either not running or not running correctly\"\n      exit 2\n    fi\n  else\n    open \"$SRCROOT/../node_modules/react-native/scripts/launchPackager.command\" || echo \"Can't start packager automatically\"\n  fi\nfi\n";
			showEnvVarsInLog = 0;
		};
/* End PBXShellScriptBuildPhase section */

/* Begin PBXSourcesBuildPhase section */
		00E356EA1AD99517003FC87E /* Sources */ = {
			isa = PBXSourcesBuildPhase;
			buildActionMask = 2147483647;
			files = (
				00E356F31AD99517003FC87E /* SplitsiesTests.m in Sources */,
			);
			runOnlyForDeploymentPostprocessing = 0;
		};
		13B07F871A680F5B00A75B9A /* Sources */ = {
			isa = PBXSourcesBuildPhase;
			buildActionMask = 2147483647;
			files = (
				13B07FBC1A68108700A75B9A /* AppDelegate.mm in Sources */,
				13B07FC11A68108700A75B9A /* main.m in Sources */,
			);
			runOnlyForDeploymentPostprocessing = 0;
		};
/* End PBXSourcesBuildPhase section */

/* Begin PBXTargetDependency section */
		00E356F51AD99517003FC87E /* PBXTargetDependency */ = {
			isa = PBXTargetDependency;
			target = 13B07F861A680F5B00A75B9A /* Splitsies */;
			targetProxy = 00E356F41AD99517003FC87E /* PBXContainerItemProxy */;
		};
/* End PBXTargetDependency section */

/* Begin XCBuildConfiguration section */
		00E356F61AD99517003FC87E /* Debug */ = {
			isa = XCBuildConfiguration;
			baseConfigurationReference = 5B7EB9410499542E8C5724F5 /* Pods-Splitsies-SplitsiesTests.debug.xcconfig */;
			buildSettings = {
				BUNDLE_LOADER = "$(TEST_HOST)";
				GCC_PREPROCESSOR_DEFINITIONS = (
					"DEBUG=1",
					"$(inherited)",
				);
				INFOPLIST_FILE = SplitsiesTests/Info.plist;
				IPHONEOS_DEPLOYMENT_TARGET = 12.4;
				LD_RUNPATH_SEARCH_PATHS = (
					"$(inherited)",
					"@executable_path/Frameworks",
					"@loader_path/Frameworks",
				);
				OTHER_LDFLAGS = (
					"-ObjC",
					"-lc++",
					"$(inherited)",
				);
				PRODUCT_BUNDLE_IDENTIFIER = "org.reactjs.native.example.$(PRODUCT_NAME:rfc1034identifier)";
				PRODUCT_NAME = "$(TARGET_NAME)";
				TEST_HOST = "$(BUILT_PRODUCTS_DIR)/Splitsies.app/Splitsies";
			};
			name = Debug;
		};
		00E356F71AD99517003FC87E /* Release */ = {
			isa = XCBuildConfiguration;
			baseConfigurationReference = 89C6BE57DB24E9ADA2F236DE /* Pods-Splitsies-SplitsiesTests.release.xcconfig */;
			buildSettings = {
				BUNDLE_LOADER = "$(TEST_HOST)";
				COPY_PHASE_STRIP = NO;
				INFOPLIST_FILE = SplitsiesTests/Info.plist;
				IPHONEOS_DEPLOYMENT_TARGET = 12.4;
				LD_RUNPATH_SEARCH_PATHS = (
					"$(inherited)",
					"@executable_path/Frameworks",
					"@loader_path/Frameworks",
				);
				OTHER_LDFLAGS = (
					"-ObjC",
					"-lc++",
					"$(inherited)",
				);
				PRODUCT_BUNDLE_IDENTIFIER = "org.reactjs.native.example.$(PRODUCT_NAME:rfc1034identifier)";
				PRODUCT_NAME = "$(TARGET_NAME)";
				TEST_HOST = "$(BUILT_PRODUCTS_DIR)/Splitsies.app/Splitsies";
			};
			name = Release;
		};
		13B07F941A680F5B00A75B9A /* Debug */ = {
			isa = XCBuildConfiguration;
			baseConfigurationReference = 3B4392A12AC88292D35C810B /* Pods-Splitsies.debug.xcconfig */;
			buildSettings = {
				ASSETCATALOG_COMPILER_APPICON_NAME = AppIcon;
				CLANG_ENABLE_MODULES = YES;
				CODE_SIGN_ENTITLEMENTS = Splitsies/Splitsies.entitlements;
				CURRENT_PROJECT_VERSION = 2;
				DEVELOPMENT_TEAM = 6KH87N33A6;
				ENABLE_BITCODE = NO;
				INFOPLIST_FILE = Splitsies/Info.plist;
				INFOPLIST_KEY_CFBundleDisplayName = Splitsies;
				LD_RUNPATH_SEARCH_PATHS = (
					"$(inherited)",
					"@executable_path/Frameworks",
				);
				MARKETING_VERSION = 1.4.1;
				OTHER_LDFLAGS = (
					"$(inherited)",
					"-ObjC",
					"-lc++",
				);
				PRODUCT_BUNDLE_IDENTIFIER = com.kchen.Splitsies;
				PRODUCT_NAME = Splitsies;
				SUPPORTED_PLATFORMS = "iphoneos iphonesimulator";
				SUPPORTS_MACCATALYST = NO;
				SUPPORTS_MAC_DESIGNED_FOR_IPHONE_IPAD = NO;
				SUPPORTS_XR_DESIGNED_FOR_IPHONE_IPAD = NO;
				SWIFT_OPTIMIZATION_LEVEL = "-Onone";
				SWIFT_VERSION = 5.0;
				TARGETED_DEVICE_FAMILY = 1;
				VERSIONING_SYSTEM = "apple-generic";
			};
			name = Debug;
		};
		13B07F951A680F5B00A75B9A /* Release */ = {
			isa = XCBuildConfiguration;
			baseConfigurationReference = 5709B34CF0A7D63546082F79 /* Pods-Splitsies.release.xcconfig */;
			buildSettings = {
				ASSETCATALOG_COMPILER_APPICON_NAME = AppIcon;
				CLANG_ENABLE_MODULES = YES;
				CODE_SIGN_ENTITLEMENTS = Splitsies/Splitsies.entitlements;
				CURRENT_PROJECT_VERSION = 2;
				DEVELOPMENT_TEAM = 6KH87N33A6;
				INFOPLIST_FILE = Splitsies/Info.plist;
				INFOPLIST_KEY_CFBundleDisplayName = Splitsies;
				LD_RUNPATH_SEARCH_PATHS = (
					"$(inherited)",
					"@executable_path/Frameworks",
				);
				MARKETING_VERSION = 1.4.1;
				OTHER_LDFLAGS = (
					"$(inherited)",
					"-ObjC",
					"-lc++",
				);
				PRODUCT_BUNDLE_IDENTIFIER = com.kchen.Splitsies;
				PRODUCT_NAME = Splitsies;
				SUPPORTED_PLATFORMS = "iphoneos iphonesimulator";
				SUPPORTS_MACCATALYST = NO;
				SUPPORTS_MAC_DESIGNED_FOR_IPHONE_IPAD = NO;
				SUPPORTS_XR_DESIGNED_FOR_IPHONE_IPAD = NO;
				SWIFT_VERSION = 5.0;
				TARGETED_DEVICE_FAMILY = 1;
				VERSIONING_SYSTEM = "apple-generic";
			};
			name = Release;
		};
		83CBBA201A601CBA00E9B192 /* Debug */ = {
			isa = XCBuildConfiguration;
			buildSettings = {
				ALWAYS_SEARCH_USER_PATHS = NO;
				CLANG_ANALYZER_LOCALIZABILITY_NONLOCALIZED = YES;
				CLANG_CXX_LANGUAGE_STANDARD = "c++17";
				CLANG_CXX_LIBRARY = "libc++";
				CLANG_ENABLE_MODULES = YES;
				CLANG_ENABLE_OBJC_ARC = YES;
				CLANG_WARN_BLOCK_CAPTURE_AUTORELEASING = YES;
				CLANG_WARN_BOOL_CONVERSION = YES;
				CLANG_WARN_COMMA = YES;
				CLANG_WARN_CONSTANT_CONVERSION = YES;
				CLANG_WARN_DEPRECATED_OBJC_IMPLEMENTATIONS = YES;
				CLANG_WARN_DIRECT_OBJC_ISA_USAGE = YES_ERROR;
				CLANG_WARN_EMPTY_BODY = YES;
				CLANG_WARN_ENUM_CONVERSION = YES;
				CLANG_WARN_INFINITE_RECURSION = YES;
				CLANG_WARN_INT_CONVERSION = YES;
				CLANG_WARN_NON_LITERAL_NULL_CONVERSION = YES;
				CLANG_WARN_OBJC_IMPLICIT_RETAIN_SELF = YES;
				CLANG_WARN_OBJC_LITERAL_CONVERSION = YES;
				CLANG_WARN_OBJC_ROOT_CLASS = YES_ERROR;
				CLANG_WARN_QUOTED_INCLUDE_IN_FRAMEWORK_HEADER = YES;
				CLANG_WARN_RANGE_LOOP_ANALYSIS = YES;
				CLANG_WARN_STRICT_PROTOTYPES = YES;
				CLANG_WARN_SUSPICIOUS_MOVE = YES;
				CLANG_WARN_UNREACHABLE_CODE = YES;
				CLANG_WARN__DUPLICATE_METHOD_MATCH = YES;
				"CODE_SIGN_IDENTITY[sdk=iphoneos*]" = "iPhone Developer";
				COPY_PHASE_STRIP = NO;
				ENABLE_STRICT_OBJC_MSGSEND = YES;
				ENABLE_TESTABILITY = YES;
				"EXCLUDED_ARCHS[sdk=iphonesimulator*]" = i386;
				GCC_C_LANGUAGE_STANDARD = gnu99;
				GCC_DYNAMIC_NO_PIC = NO;
				GCC_NO_COMMON_BLOCKS = YES;
				GCC_OPTIMIZATION_LEVEL = 0;
				GCC_PREPROCESSOR_DEFINITIONS = (
					"DEBUG=1",
					"$(inherited)",
				);
				GCC_SYMBOLS_PRIVATE_EXTERN = NO;
				GCC_WARN_64_TO_32_BIT_CONVERSION = YES;
				GCC_WARN_ABOUT_RETURN_TYPE = YES_ERROR;
				GCC_WARN_UNDECLARED_SELECTOR = YES;
				GCC_WARN_UNINITIALIZED_AUTOS = YES_AGGRESSIVE;
				GCC_WARN_UNUSED_FUNCTION = YES;
				GCC_WARN_UNUSED_VARIABLE = YES;
				HEADER_SEARCH_PATHS = (
					"$(inherited)",
					"${PODS_CONFIGURATION_BUILD_DIR}/ReactCommon-Samples/ReactCommon_Samples.framework/Headers",
					"${PODS_CONFIGURATION_BUILD_DIR}/ReactCommon/ReactCommon.framework/Headers/react/nativemodule/core",
					"${PODS_CONFIGURATION_BUILD_DIR}/ReactCommon-Samples/ReactCommon_Samples.framework/Headers/platform/ios",
					"${PODS_CONFIGURATION_BUILD_DIR}/React-NativeModulesApple/React_NativeModulesApple.framework/Headers",
					"${PODS_CONFIGURATION_BUILD_DIR}/React-graphics/React_graphics.framework/Headers/react/renderer/graphics/platform/ios",
				);
				IPHONEOS_DEPLOYMENT_TARGET = 12.4;
				LD_RUNPATH_SEARCH_PATHS = (
					/usr/lib/swift,
					"$(inherited)",
				);
				LIBRARY_SEARCH_PATHS = (
					"\"$(SDKROOT)/usr/lib/swift\"",
					"\"$(TOOLCHAIN_DIR)/usr/lib/swift/$(PLATFORM_NAME)\"",
					"\"$(inherited)\"",
				);
				MTL_ENABLE_DEBUG_INFO = YES;
				ONLY_ACTIVE_ARCH = YES;
				OTHER_CFLAGS = "$(inherited)";
				OTHER_CPLUSPLUSFLAGS = (
					"$(OTHER_CFLAGS)",
					"-DFOLLY_NO_CONFIG",
					"-DFOLLY_MOBILE=1",
					"-DFOLLY_USE_LIBCPP=1",
				);
				REACT_NATIVE_PATH = "${PODS_ROOT}/../../node_modules/react-native";
				SDKROOT = iphoneos;
			};
			name = Debug;
		};
		83CBBA211A601CBA00E9B192 /* Release */ = {
			isa = XCBuildConfiguration;
			buildSettings = {
				ALWAYS_SEARCH_USER_PATHS = NO;
				CLANG_ANALYZER_LOCALIZABILITY_NONLOCALIZED = YES;
				CLANG_CXX_LANGUAGE_STANDARD = "c++17";
				CLANG_CXX_LIBRARY = "libc++";
				CLANG_ENABLE_MODULES = YES;
				CLANG_ENABLE_OBJC_ARC = YES;
				CLANG_WARN_BLOCK_CAPTURE_AUTORELEASING = YES;
				CLANG_WARN_BOOL_CONVERSION = YES;
				CLANG_WARN_COMMA = YES;
				CLANG_WARN_CONSTANT_CONVERSION = YES;
				CLANG_WARN_DEPRECATED_OBJC_IMPLEMENTATIONS = YES;
				CLANG_WARN_DIRECT_OBJC_ISA_USAGE = YES_ERROR;
				CLANG_WARN_EMPTY_BODY = YES;
				CLANG_WARN_ENUM_CONVERSION = YES;
				CLANG_WARN_INFINITE_RECURSION = YES;
				CLANG_WARN_INT_CONVERSION = YES;
				CLANG_WARN_NON_LITERAL_NULL_CONVERSION = YES;
				CLANG_WARN_OBJC_IMPLICIT_RETAIN_SELF = YES;
				CLANG_WARN_OBJC_LITERAL_CONVERSION = YES;
				CLANG_WARN_OBJC_ROOT_CLASS = YES_ERROR;
				CLANG_WARN_QUOTED_INCLUDE_IN_FRAMEWORK_HEADER = YES;
				CLANG_WARN_RANGE_LOOP_ANALYSIS = YES;
				CLANG_WARN_STRICT_PROTOTYPES = YES;
				CLANG_WARN_SUSPICIOUS_MOVE = YES;
				CLANG_WARN_UNREACHABLE_CODE = YES;
				CLANG_WARN__DUPLICATE_METHOD_MATCH = YES;
				"CODE_SIGN_IDENTITY[sdk=iphoneos*]" = "iPhone Developer";
				COPY_PHASE_STRIP = YES;
				ENABLE_NS_ASSERTIONS = NO;
				ENABLE_STRICT_OBJC_MSGSEND = YES;
				"EXCLUDED_ARCHS[sdk=iphonesimulator*]" = i386;
				GCC_C_LANGUAGE_STANDARD = gnu99;
				GCC_NO_COMMON_BLOCKS = YES;
				GCC_WARN_64_TO_32_BIT_CONVERSION = YES;
				GCC_WARN_ABOUT_RETURN_TYPE = YES_ERROR;
				GCC_WARN_UNDECLARED_SELECTOR = YES;
				GCC_WARN_UNINITIALIZED_AUTOS = YES_AGGRESSIVE;
				GCC_WARN_UNUSED_FUNCTION = YES;
				GCC_WARN_UNUSED_VARIABLE = YES;
				HEADER_SEARCH_PATHS = (
					"$(inherited)",
					"${PODS_CONFIGURATION_BUILD_DIR}/ReactCommon-Samples/ReactCommon_Samples.framework/Headers",
					"${PODS_CONFIGURATION_BUILD_DIR}/ReactCommon/ReactCommon.framework/Headers/react/nativemodule/core",
					"${PODS_CONFIGURATION_BUILD_DIR}/ReactCommon-Samples/ReactCommon_Samples.framework/Headers/platform/ios",
					"${PODS_CONFIGURATION_BUILD_DIR}/React-NativeModulesApple/React_NativeModulesApple.framework/Headers",
					"${PODS_CONFIGURATION_BUILD_DIR}/React-graphics/React_graphics.framework/Headers/react/renderer/graphics/platform/ios",
				);
				IPHONEOS_DEPLOYMENT_TARGET = 12.4;
				LD_RUNPATH_SEARCH_PATHS = (
					/usr/lib/swift,
					"$(inherited)",
				);
				LIBRARY_SEARCH_PATHS = (
					"\"$(SDKROOT)/usr/lib/swift\"",
					"\"$(TOOLCHAIN_DIR)/usr/lib/swift/$(PLATFORM_NAME)\"",
					"\"$(inherited)\"",
				);
				MTL_ENABLE_DEBUG_INFO = NO;
				OTHER_CFLAGS = "$(inherited)";
				OTHER_CPLUSPLUSFLAGS = (
					"$(OTHER_CFLAGS)",
					"-DFOLLY_NO_CONFIG",
					"-DFOLLY_MOBILE=1",
					"-DFOLLY_USE_LIBCPP=1",
				);
				REACT_NATIVE_PATH = "${PODS_ROOT}/../../node_modules/react-native";
				SDKROOT = iphoneos;
				VALIDATE_PRODUCT = YES;
			};
			name = Release;
		};
/* End XCBuildConfiguration section */

/* Begin XCConfigurationList section */
		00E357021AD99517003FC87E /* Build configuration list for PBXNativeTarget "SplitsiesTests" */ = {
			isa = XCConfigurationList;
			buildConfigurations = (
				00E356F61AD99517003FC87E /* Debug */,
				00E356F71AD99517003FC87E /* Release */,
			);
			defaultConfigurationIsVisible = 0;
			defaultConfigurationName = Release;
		};
		13B07F931A680F5B00A75B9A /* Build configuration list for PBXNativeTarget "Splitsies" */ = {
			isa = XCConfigurationList;
			buildConfigurations = (
				13B07F941A680F5B00A75B9A /* Debug */,
				13B07F951A680F5B00A75B9A /* Release */,
			);
			defaultConfigurationIsVisible = 0;
			defaultConfigurationName = Release;
		};
		83CBB9FA1A601CBA00E9B192 /* Build configuration list for PBXProject "Splitsies" */ = {
			isa = XCConfigurationList;
			buildConfigurations = (
				83CBBA201A601CBA00E9B192 /* Debug */,
				83CBBA211A601CBA00E9B192 /* Release */,
			);
			defaultConfigurationIsVisible = 0;
			defaultConfigurationName = Release;
		};
/* End XCConfigurationList section */
	};
	rootObject = 83CBB9F71A601CBA00E9B192 /* Project object */;
}
